{
	"name": "frontend-taglib-chart",
	"version": "1.0.0",
	"lockfileVersion": 1,
	"requires": true,
	"dependencies": {
		"ansi-regex": {
			"version": "2.1.1",
			"resolved": "https://registry.npmjs.org/ansi-regex/-/ansi-regex-2.1.1.tgz",
			"integrity": "sha1-w7M6te42DYbg5ijwRorn7yfWVN8=",
			"dev": true
		},
		"ansi-styles": {
			"version": "2.2.1",
			"resolved": "https://registry.npmjs.org/ansi-styles/-/ansi-styles-2.2.1.tgz",
			"integrity": "sha1-tDLdM1i2NM914eRmQ2gkBTPB3b4=",
			"dev": true
		},
		"array-union": {
			"version": "1.0.2",
			"resolved": "https://registry.npmjs.org/array-union/-/array-union-1.0.2.tgz",
			"integrity": "sha1-mjRBDk9OPaI96jdb5b5w8kd47Dk=",
			"dev": true,
			"requires": {
				"array-uniq": "1.0.3"
			}
		},
		"array-uniq": {
			"version": "1.0.3",
			"resolved": "https://registry.npmjs.org/array-uniq/-/array-uniq-1.0.3.tgz",
			"integrity": "sha1-r2rId6Jcx/dOBYiUdThY39sk/bY=",
			"dev": true
		},
		"babel-code-frame": {
			"version": "6.26.0",
			"resolved": "https://registry.npmjs.org/babel-code-frame/-/babel-code-frame-6.26.0.tgz",
			"integrity": "sha1-Y/1D99weO7fONZR9uP42mj9Yx0s=",
			"dev": true,
			"requires": {
				"chalk": "1.1.3",
				"esutils": "2.0.2",
				"js-tokens": "3.0.2"
			}
		},
		"babel-core": {
			"version": "6.26.0",
			"resolved": "https://registry.npmjs.org/babel-core/-/babel-core-6.26.0.tgz",
			"integrity": "sha1-rzL3izGm/O8RnIew/Y2XU/A6C7g=",
			"dev": true,
			"requires": {
				"babel-code-frame": "6.26.0",
				"babel-generator": "6.26.1",
				"babel-helpers": "6.24.1",
				"babel-messages": "6.23.0",
				"babel-register": "6.26.0",
				"babel-runtime": "6.26.0",
				"babel-template": "6.26.0",
				"babel-traverse": "6.26.0",
				"babel-types": "6.26.0",
				"babylon": "6.18.0",
				"convert-source-map": "1.5.1",
				"debug": "2.6.9",
				"json5": "0.5.1",
				"lodash": "4.17.5",
				"minimatch": "3.0.4",
				"path-is-absolute": "1.0.1",
				"private": "0.1.8",
				"slash": "1.0.0",
				"source-map": "0.5.7"
			}
		},
		"babel-generator": {
			"version": "6.26.1",
			"resolved": "https://registry.npmjs.org/babel-generator/-/babel-generator-6.26.1.tgz",
			"integrity": "sha512-HyfwY6ApZj7BYTcJURpM5tznulaBvyio7/0d4zFOeMPUmfxkCjHocCuoLa2SAGzBI8AREcH3eP3758F672DppA==",
			"dev": true,
			"requires": {
				"babel-messages": "6.23.0",
				"babel-runtime": "6.26.0",
				"babel-types": "6.26.0",
				"detect-indent": "4.0.0",
				"jsesc": "1.3.0",
				"lodash": "4.17.5",
				"source-map": "0.5.7",
				"trim-right": "1.0.1"
			}
		},
		"babel-helpers": {
			"version": "6.24.1",
			"resolved": "https://registry.npmjs.org/babel-helpers/-/babel-helpers-6.24.1.tgz",
			"integrity": "sha1-NHHenK7DiOXIUOWX5Yom3fN2ArI=",
			"dev": true,
			"requires": {
				"babel-runtime": "6.26.0",
				"babel-template": "6.26.0"
			}
		},
		"babel-messages": {
			"version": "6.23.0",
			"resolved": "https://registry.npmjs.org/babel-messages/-/babel-messages-6.23.0.tgz",
			"integrity": "sha1-8830cDhYA1sqKVHG7F7fbGLyYw4=",
			"dev": true,
			"requires": {
				"babel-runtime": "6.26.0"
			}
		},
		"babel-plugin-name-amd-modules": {
			"version": "1.4.2",
			"resolved": "https://registry.npmjs.org/babel-plugin-name-amd-modules/-/babel-plugin-name-amd-modules-1.4.2.tgz",
			"integrity": "sha512-rdTgOLElvwde4No7orGCkr6vFkaCBUXz5/GvjY3fMlNLfye4YwMAz5W7lH3voBnGd1Aw0iPW3pIkK2zcWy3peA==",
			"dev": true,
			"requires": {
				"liferay-npm-build-tools-common": "1.4.2",
				"read-json-sync": "1.1.1"
			}
		},
		"babel-plugin-namespace-amd-define": {
			"version": "1.4.2",
			"resolved": "https://registry.npmjs.org/babel-plugin-namespace-amd-define/-/babel-plugin-namespace-amd-define-1.4.2.tgz",
			"integrity": "sha512-LnX6MNKAz2jboaKwrpaweEqxDGKTvhD89shYUn6OJ/13dBk2+a3dzzj8zqYVkpFQDIUqhAc0mf8ukKIYXzPUhw==",
			"dev": true
		},
		"babel-plugin-normalize-requires": {
			"version": "1.4.2",
			"resolved": "https://registry.npmjs.org/babel-plugin-normalize-requires/-/babel-plugin-normalize-requires-1.4.2.tgz",
			"integrity": "sha512-bP0M01CGbCU5lTcfM6P44MAuCx9VUAHScuy0uICwcxnKuhv9cl1j7CkzD8cc3z2MktTsf2VcP6EcDnevwEPwsg==",
			"dev": true
		},
		"babel-plugin-transform-node-env-inline": {
			"version": "0.2.0",
			"resolved": "https://registry.npmjs.org/babel-plugin-transform-node-env-inline/-/babel-plugin-transform-node-env-inline-0.2.0.tgz",
			"integrity": "sha512-I4m1TjVWhYstTEcZckM1DZR+3mwobPrMTtKn1ALVmXP346F52CETaZMSrsYJ2XNhZNa/A72SFyaC1xZam5sBVg==",
			"dev": true
		},
		"babel-plugin-wrap-modules-amd": {
			"version": "1.4.2",
			"resolved": "https://registry.npmjs.org/babel-plugin-wrap-modules-amd/-/babel-plugin-wrap-modules-amd-1.4.2.tgz",
			"integrity": "sha512-izLgH+YSFhehuF5QzkgtxfkS/+6pvpFs7BDqTynAjBD2FJg3GQQkGNag36tNPmLZhzazZJcwMRZLyo99n/zbFA==",
			"dev": true,
			"requires": {
				"babel-template": "6.26.0",
				"read-json-sync": "1.1.1"
			}
		},
		"babel-preset-liferay-standard": {
			"version": "1.4.2",
			"resolved": "https://registry.npmjs.org/babel-preset-liferay-standard/-/babel-preset-liferay-standard-1.4.2.tgz",
			"integrity": "sha512-MfjlUC5ks1aSTOb3f7pQWwivvggNcDZYBh8Px7P450aPPyYbdsV+2amuN37rDeNM3462KMUUrip4bSFO9cKvZw==",
			"dev": true,
			"requires": {
				"babel-plugin-name-amd-modules": "1.4.2",
				"babel-plugin-namespace-amd-define": "1.4.2",
				"babel-plugin-normalize-requires": "1.4.2",
				"babel-plugin-transform-node-env-inline": "0.2.0",
				"babel-plugin-wrap-modules-amd": "1.4.2"
			}
		},
		"babel-register": {
			"version": "6.26.0",
			"resolved": "https://registry.npmjs.org/babel-register/-/babel-register-6.26.0.tgz",
			"integrity": "sha1-btAhFz4vy0htestFxgCahW9kcHE=",
			"dev": true,
			"requires": {
				"babel-core": "6.26.0",
				"babel-runtime": "6.26.0",
				"core-js": "2.5.3",
				"home-or-tmp": "2.0.0",
				"lodash": "4.17.5",
				"mkdirp": "0.5.1",
				"source-map-support": "0.4.18"
			}
		},
		"babel-runtime": {
			"version": "6.26.0",
			"resolved": "https://registry.npmjs.org/babel-runtime/-/babel-runtime-6.26.0.tgz",
			"integrity": "sha1-llxwWGaOgrVde/4E/yM3vItWR/4=",
			"dev": true,
			"requires": {
				"core-js": "2.5.3",
				"regenerator-runtime": "0.11.1"
			}
		},
		"babel-template": {
			"version": "6.26.0",
			"resolved": "https://registry.npmjs.org/babel-template/-/babel-template-6.26.0.tgz",
			"integrity": "sha1-3gPi0WOWsGn0bdn/+FIfsaDjXgI=",
			"dev": true,
			"requires": {
				"babel-runtime": "6.26.0",
				"babel-traverse": "6.26.0",
				"babel-types": "6.26.0",
				"babylon": "6.18.0",
				"lodash": "4.17.5"
			}
		},
		"babel-traverse": {
			"version": "6.26.0",
			"resolved": "https://registry.npmjs.org/babel-traverse/-/babel-traverse-6.26.0.tgz",
			"integrity": "sha1-RqnL1+3MYsjlwGTi0tjQ9ANXZu4=",
			"dev": true,
			"requires": {
				"babel-code-frame": "6.26.0",
				"babel-messages": "6.23.0",
				"babel-runtime": "6.26.0",
				"babel-types": "6.26.0",
				"babylon": "6.18.0",
				"debug": "2.6.9",
				"globals": "9.18.0",
				"invariant": "2.2.2",
				"lodash": "4.17.5"
			}
		},
		"babel-types": {
			"version": "6.26.0",
			"resolved": "https://registry.npmjs.org/babel-types/-/babel-types-6.26.0.tgz",
			"integrity": "sha1-o7Bz+Uq0nrb6Vc1lInozQ4BjJJc=",
			"dev": true,
			"requires": {
				"babel-runtime": "6.26.0",
				"esutils": "2.0.2",
				"lodash": "4.17.5",
				"to-fast-properties": "1.0.3"
			}
		},
		"babylon": {
			"version": "6.18.0",
			"resolved": "https://registry.npmjs.org/babylon/-/babylon-6.18.0.tgz",
			"integrity": "sha512-q/UEjfGJ2Cm3oKV71DJz9d25TPnq5rhBVL2Q4fA5wcC3jcrdn7+SssEybFIxwAvvP+YCsCYNKughoF33GxgycQ==",
			"dev": true
		},
		"balanced-match": {
			"version": "1.0.0",
			"resolved": "https://registry.npmjs.org/balanced-match/-/balanced-match-1.0.0.tgz",
			"integrity": "sha1-ibTRmasr7kneFk6gK4nORi1xt2c=",
			"dev": true
		},
		"billboard.js": {
			"version": "1.2.0",
			"resolved": "https://registry.npmjs.org/billboard.js/-/billboard.js-1.2.0.tgz",
			"integrity": "sha512-Xpp56TyZucRiHGaTNO8/kIIfoqLHAjk5JrRWhWIlD8RlSU9fCgaLeYWVmHul7nkxPmKcjOiauh7p2fvWZrfrCw==",
			"requires": {
				"d3": "4.13.0"
			}
		},
		"brace-expansion": {
			"version": "1.1.8",
			"resolved": "https://registry.npmjs.org/brace-expansion/-/brace-expansion-1.1.8.tgz",
			"integrity": "sha1-wHshHHyVLsH479Uad+8NHTmQopI=",
			"dev": true,
			"requires": {
				"balanced-match": "1.0.0",
				"concat-map": "0.0.1"
			}
		},
		"chalk": {
			"version": "1.1.3",
			"resolved": "https://registry.npmjs.org/chalk/-/chalk-1.1.3.tgz",
			"integrity": "sha1-qBFcVeSnAv5NFQq9OHKCKn4J/Jg=",
			"dev": true,
			"requires": {
				"ansi-styles": "2.2.1",
				"escape-string-regexp": "1.0.5",
				"has-ansi": "2.0.0",
				"strip-ansi": "3.0.1",
				"supports-color": "2.0.0"
			}
		},
		"clay-charts": {
			"version": "2.0.0-rc.5",
			"resolved": "https://registry.npmjs.org/clay-charts/-/clay-charts-2.0.0-rc.5.tgz",
			"integrity": "sha512-Ji0Vufe7SxSX/3Ko3UeIRBEMi8cpvTUr/OOqwMoEC6Qyo8/brotXiRxIZt0H2qav/sTS49l9fGQXhLc0cauakw==",
			"requires": {
				"billboard.js": "1.2.0",
				"d3": "4.13.0",
				"metal-component": "2.16.3",
				"metal-jsx": "2.16.4",
				"metal-soy": "2.16.4",
				"metal-state": "2.16.2"
			}
		},
		"commander": {
			"version": "2.14.1",
			"resolved": "https://registry.npmjs.org/commander/-/commander-2.14.1.tgz",
			"integrity": "sha512-+YR16o3rK53SmWHU3rEM3tPAh2rwb1yPcQX5irVn7mb0gXbwuCCrnkbV5+PBfETdfg1vui07nM6PCG1zndcjQw=="
		},
		"concat-map": {
			"version": "0.0.1",
			"resolved": "https://registry.npmjs.org/concat-map/-/concat-map-0.0.1.tgz",
			"integrity": "sha1-2Klr13/Wjfd5OnMDajug1UBdR3s=",
			"dev": true
		},
		"convert-source-map": {
			"version": "1.5.1",
			"resolved": "https://registry.npmjs.org/convert-source-map/-/convert-source-map-1.5.1.tgz",
			"integrity": "sha1-uCeAl7m8IpNl3lxiz1/K7YtVmeU=",
			"dev": true
		},
		"core-js": {
			"version": "2.5.3",
			"resolved": "https://registry.npmjs.org/core-js/-/core-js-2.5.3.tgz",
			"integrity": "sha1-isw4NFgk8W2DZbfJtCWRaOjtYD4=",
			"dev": true
		},
		"d3": {
			"version": "4.13.0",
			"resolved": "https://registry.npmjs.org/d3/-/d3-4.13.0.tgz",
			"integrity": "sha512-l8c4+0SldjVKLaE2WG++EQlqD7mh/dmQjvi2L2lKPadAVC+TbJC4ci7Uk9bRi+To0+ansgsS0iWfPjD7DBy+FQ==",
			"requires": {
				"d3-array": "1.2.1",
				"d3-axis": "1.0.8",
				"d3-brush": "1.0.4",
				"d3-chord": "1.0.4",
				"d3-collection": "1.0.4",
				"d3-color": "1.0.3",
				"d3-dispatch": "1.0.3",
				"d3-drag": "1.2.1",
				"d3-dsv": "1.0.8",
				"d3-ease": "1.0.3",
				"d3-force": "1.1.0",
				"d3-format": "1.2.2",
				"d3-geo": "1.9.1",
				"d3-hierarchy": "1.1.5",
				"d3-interpolate": "1.1.6",
				"d3-path": "1.0.5",
				"d3-polygon": "1.0.3",
				"d3-quadtree": "1.0.3",
				"d3-queue": "3.0.7",
				"d3-random": "1.1.0",
				"d3-request": "1.0.6",
				"d3-scale": "1.0.7",
				"d3-selection": "1.3.0",
				"d3-shape": "1.2.0",
				"d3-time": "1.0.8",
				"d3-time-format": "2.1.1",
				"d3-timer": "1.0.7",
				"d3-transition": "1.1.1",
				"d3-voronoi": "1.1.2",
				"d3-zoom": "1.7.1"
			}
		},
		"d3-array": {
			"version": "1.2.1",
			"resolved": "https://registry.npmjs.org/d3-array/-/d3-array-1.2.1.tgz",
			"integrity": "sha512-CyINJQ0SOUHojDdFDH4JEM0552vCR1utGyLHegJHyYH0JyCpSeTPxi4OBqHMA2jJZq4NH782LtaJWBImqI/HBw=="
		},
		"d3-axis": {
			"version": "1.0.8",
			"resolved": "https://registry.npmjs.org/d3-axis/-/d3-axis-1.0.8.tgz",
			"integrity": "sha1-MacFoLU15ldZ3hQXOjGTMTfxjvo="
		},
		"d3-brush": {
			"version": "1.0.4",
			"resolved": "https://registry.npmjs.org/d3-brush/-/d3-brush-1.0.4.tgz",
			"integrity": "sha1-AMLyOAGfJPbAoZSibUGhUw/+e8Q=",
			"requires": {
				"d3-dispatch": "1.0.3",
				"d3-drag": "1.2.1",
				"d3-interpolate": "1.1.6",
				"d3-selection": "1.3.0",
				"d3-transition": "1.1.1"
			}
		},
		"d3-chord": {
			"version": "1.0.4",
			"resolved": "https://registry.npmjs.org/d3-chord/-/d3-chord-1.0.4.tgz",
			"integrity": "sha1-fexPC6iG9xP+ERxF92NBT290yiw=",
			"requires": {
				"d3-array": "1.2.1",
				"d3-path": "1.0.5"
			}
		},
		"d3-collection": {
			"version": "1.0.4",
			"resolved": "https://registry.npmjs.org/d3-collection/-/d3-collection-1.0.4.tgz",
			"integrity": "sha1-NC39EoN8kJdPM/HMCnha6lcNzcI="
		},
		"d3-color": {
			"version": "1.0.3",
			"resolved": "https://registry.npmjs.org/d3-color/-/d3-color-1.0.3.tgz",
			"integrity": "sha1-vHZD/KjlOoNH4vva/6I2eWtYUJs="
		},
		"d3-dispatch": {
			"version": "1.0.3",
			"resolved": "https://registry.npmjs.org/d3-dispatch/-/d3-dispatch-1.0.3.tgz",
			"integrity": "sha1-RuFJHqqbWMNY/OW+TovtYm54cfg="
		},
		"d3-drag": {
			"version": "1.2.1",
			"resolved": "https://registry.npmjs.org/d3-drag/-/d3-drag-1.2.1.tgz",
			"integrity": "sha512-Cg8/K2rTtzxzrb0fmnYOUeZHvwa4PHzwXOLZZPwtEs2SKLLKLXeYwZKBB+DlOxUvFmarOnmt//cU4+3US2lyyQ==",
			"requires": {
				"d3-dispatch": "1.0.3",
				"d3-selection": "1.3.0"
			}
		},
		"d3-dsv": {
			"version": "1.0.8",
			"resolved": "https://registry.npmjs.org/d3-dsv/-/d3-dsv-1.0.8.tgz",
			"integrity": "sha512-IVCJpQ+YGe3qu6odkPQI0KPqfxkhbP/oM1XhhE/DFiYmcXKfCRub4KXyiuehV1d4drjWVXHUWx4gHqhdZb6n/A==",
			"requires": {
				"commander": "2.14.1",
				"iconv-lite": "0.4.19",
				"rw": "1.3.3"
			}
		},
		"d3-ease": {
			"version": "1.0.3",
			"resolved": "https://registry.npmjs.org/d3-ease/-/d3-ease-1.0.3.tgz",
			"integrity": "sha1-aL+8NJM4o4DETYrMT7wzBKotjA4="
		},
		"d3-force": {
			"version": "1.1.0",
			"resolved": "https://registry.npmjs.org/d3-force/-/d3-force-1.1.0.tgz",
			"integrity": "sha512-2HVQz3/VCQs0QeRNZTYb7GxoUCeb6bOzMp/cGcLa87awY9ZsPvXOGeZm0iaGBjXic6I1ysKwMn+g+5jSAdzwcg==",
			"requires": {
				"d3-collection": "1.0.4",
				"d3-dispatch": "1.0.3",
				"d3-quadtree": "1.0.3",
				"d3-timer": "1.0.7"
			}
		},
		"d3-format": {
			"version": "1.2.2",
			"resolved": "https://registry.npmjs.org/d3-format/-/d3-format-1.2.2.tgz",
			"integrity": "sha512-zH9CfF/3C8zUI47nsiKfD0+AGDEuM8LwBIP7pBVpyR4l/sKkZqITmMtxRp04rwBrlshIZ17XeFAaovN3++wzkw=="
		},
		"d3-geo": {
			"version": "1.9.1",
			"resolved": "https://registry.npmjs.org/d3-geo/-/d3-geo-1.9.1.tgz",
			"integrity": "sha512-l9wL/cEQkyZQYXw3xbmLsH3eQ5ij+icNfo4r0GrLa5rOCZR/e/3am45IQ0FvQ5uMsv+77zBRunLc9ufTWSQYFA==",
			"requires": {
				"d3-array": "1.2.1"
			}
		},
		"d3-hierarchy": {
			"version": "1.1.5",
			"resolved": "https://registry.npmjs.org/d3-hierarchy/-/d3-hierarchy-1.1.5.tgz",
			"integrity": "sha1-ochFxC+Eoga88cAcAQmOpN2qeiY="
		},
		"d3-interpolate": {
			"version": "1.1.6",
			"resolved": "https://registry.npmjs.org/d3-interpolate/-/d3-interpolate-1.1.6.tgz",
			"integrity": "sha512-mOnv5a+pZzkNIHtw/V6I+w9Lqm9L5bG3OTXPM5A+QO0yyVMQ4W1uZhR+VOJmazaOZXri2ppbiZ5BUNWT0pFM9A==",
			"requires": {
				"d3-color": "1.0.3"
			}
		},
		"d3-path": {
			"version": "1.0.5",
			"resolved": "https://registry.npmjs.org/d3-path/-/d3-path-1.0.5.tgz",
			"integrity": "sha1-JB6xhJvZ6egCHA0KeZ+KDo5EF2Q="
		},
		"d3-polygon": {
			"version": "1.0.3",
			"resolved": "https://registry.npmjs.org/d3-polygon/-/d3-polygon-1.0.3.tgz",
			"integrity": "sha1-FoiOkCZGCTPysXllKtN4Ik04LGI="
		},
		"d3-quadtree": {
			"version": "1.0.3",
			"resolved": "https://registry.npmjs.org/d3-quadtree/-/d3-quadtree-1.0.3.tgz",
			"integrity": "sha1-rHmH4+I/6AWpkPKOG1DTj8uCJDg="
		},
		"d3-queue": {
			"version": "3.0.7",
			"resolved": "https://registry.npmjs.org/d3-queue/-/d3-queue-3.0.7.tgz",
			"integrity": "sha1-yTouVLQXwJWRKdfXP2z31Ckudhg="
		},
		"d3-random": {
			"version": "1.1.0",
			"resolved": "https://registry.npmjs.org/d3-random/-/d3-random-1.1.0.tgz",
			"integrity": "sha1-ZkLlBsb6OmSFldKyRpeIqNElKdM="
		},
		"d3-request": {
			"version": "1.0.6",
			"resolved": "https://registry.npmjs.org/d3-request/-/d3-request-1.0.6.tgz",
			"integrity": "sha512-FJj8ySY6GYuAJHZMaCQ83xEYE4KbkPkmxZ3Hu6zA1xxG2GD+z6P+Lyp+zjdsHf0xEbp2xcluDI50rCS855EQ6w==",
			"requires": {
				"d3-collection": "1.0.4",
				"d3-dispatch": "1.0.3",
				"d3-dsv": "1.0.8",
				"xmlhttprequest": "1.8.0"
			}
		},
		"d3-scale": {
			"version": "1.0.7",
			"resolved": "https://registry.npmjs.org/d3-scale/-/d3-scale-1.0.7.tgz",
			"integrity": "sha512-KvU92czp2/qse5tUfGms6Kjig0AhHOwkzXG0+PqIJB3ke0WUv088AHMZI0OssO9NCkXt4RP8yju9rpH8aGB7Lw==",
			"requires": {
				"d3-array": "1.2.1",
				"d3-collection": "1.0.4",
				"d3-color": "1.0.3",
				"d3-format": "1.2.2",
				"d3-interpolate": "1.1.6",
				"d3-time": "1.0.8",
				"d3-time-format": "2.1.1"
			}
		},
		"d3-selection": {
			"version": "1.3.0",
			"resolved": "https://registry.npmjs.org/d3-selection/-/d3-selection-1.3.0.tgz",
			"integrity": "sha512-qgpUOg9tl5CirdqESUAu0t9MU/t3O9klYfGfyKsXEmhyxyzLpzpeh08gaxBUTQw1uXIOkr/30Ut2YRjSSxlmHA=="
		},
		"d3-shape": {
			"version": "1.2.0",
			"resolved": "https://registry.npmjs.org/d3-shape/-/d3-shape-1.2.0.tgz",
			"integrity": "sha1-RdAVOPBkuv0F6j1tLLdI/YxB93c=",
			"requires": {
				"d3-path": "1.0.5"
			}
		},
		"d3-time": {
			"version": "1.0.8",
			"resolved": "https://registry.npmjs.org/d3-time/-/d3-time-1.0.8.tgz",
			"integrity": "sha512-YRZkNhphZh3KcnBfitvF3c6E0JOFGikHZ4YqD+Lzv83ZHn1/u6yGenRU1m+KAk9J1GnZMnKcrtfvSktlA1DXNQ=="
		},
		"d3-time-format": {
			"version": "2.1.1",
			"resolved": "https://registry.npmjs.org/d3-time-format/-/d3-time-format-2.1.1.tgz",
			"integrity": "sha512-8kAkymq2WMfzW7e+s/IUNAtN/y3gZXGRrdGfo6R8NKPAA85UBTxZg5E61bR6nLwjPjj4d3zywSQe1CkYLPFyrw==",
			"requires": {
				"d3-time": "1.0.8"
			}
		},
		"d3-timer": {
			"version": "1.0.7",
			"resolved": "https://registry.npmjs.org/d3-timer/-/d3-timer-1.0.7.tgz",
			"integrity": "sha512-vMZXR88XujmG/L5oB96NNKH5lCWwiLM/S2HyyAQLcjWJCloK5shxta4CwOFYLZoY3AWX73v8Lgv4cCAdWtRmOA=="
		},
		"d3-transition": {
			"version": "1.1.1",
			"resolved": "https://registry.npmjs.org/d3-transition/-/d3-transition-1.1.1.tgz",
			"integrity": "sha512-xeg8oggyQ+y5eb4J13iDgKIjUcEfIOZs2BqV/eEmXm2twx80wTzJ4tB4vaZ5BKfz7XsI/DFmQL5me6O27/5ykQ==",
			"requires": {
				"d3-color": "1.0.3",
				"d3-dispatch": "1.0.3",
				"d3-ease": "1.0.3",
				"d3-interpolate": "1.1.6",
				"d3-selection": "1.3.0",
				"d3-timer": "1.0.7"
			}
		},
		"d3-voronoi": {
			"version": "1.1.2",
			"resolved": "https://registry.npmjs.org/d3-voronoi/-/d3-voronoi-1.1.2.tgz",
			"integrity": "sha1-Fodmfo8TotFYyAwUgMWinLDYlzw="
		},
		"d3-zoom": {
			"version": "1.7.1",
			"resolved": "https://registry.npmjs.org/d3-zoom/-/d3-zoom-1.7.1.tgz",
			"integrity": "sha512-sZHQ55DGq5BZBFGnRshUT8tm2sfhPHFnOlmPbbwTkAoPeVdRTkB4Xsf9GCY0TSHrTD8PeJPZGmP/TpGicwJDJQ==",
			"requires": {
				"d3-dispatch": "1.0.3",
				"d3-drag": "1.2.1",
				"d3-interpolate": "1.1.6",
				"d3-selection": "1.3.0",
				"d3-transition": "1.1.1"
			}
		},
		"debug": {
			"version": "2.6.9",
			"resolved": "https://registry.npmjs.org/debug/-/debug-2.6.9.tgz",
			"integrity": "sha512-bC7ElrdJaJnPbAP+1EotYvqZsb3ecl5wi6Bfi6BJTUcNowp6cvspg0jXznRTKDjm/E7AdgFBVeAPVMNcKGsHMA==",
			"dev": true,
			"requires": {
				"ms": "2.0.0"
			}
		},
		"detect-indent": {
			"version": "4.0.0",
			"resolved": "https://registry.npmjs.org/detect-indent/-/detect-indent-4.0.0.tgz",
			"integrity": "sha1-920GQ1LN9Docts5hnE7jqUdd4gg=",
			"dev": true,
			"requires": {
				"repeating": "2.0.1"
			}
		},
		"escape-string-regexp": {
			"version": "1.0.5",
			"resolved": "https://registry.npmjs.org/escape-string-regexp/-/escape-string-regexp-1.0.5.tgz",
			"integrity": "sha1-G2HAViGQqN/2rjuyzwIAyhMLhtQ=",
			"dev": true
		},
		"esutils": {
			"version": "2.0.2",
			"resolved": "https://registry.npmjs.org/esutils/-/esutils-2.0.2.tgz",
			"integrity": "sha1-Cr9PHKpbyx96nYrMbepPqqBLrJs=",
			"dev": true
		},
		"fs-extra": {
			"version": "4.0.3",
			"resolved": "https://registry.npmjs.org/fs-extra/-/fs-extra-4.0.3.tgz",
			"integrity": "sha512-q6rbdDd1o2mAnQreO7YADIxf/Whx4AHBiRf6d+/cVT8h44ss+lHgxf1FemcqDnQt9X3ct4McHr+JMGlYSsK7Cg==",
			"dev": true,
			"requires": {
				"graceful-fs": "4.1.11",
				"jsonfile": "4.0.0",
				"universalify": "0.1.1"
			}
		},
		"fs.realpath": {
			"version": "1.0.0",
			"resolved": "https://registry.npmjs.org/fs.realpath/-/fs.realpath-1.0.0.tgz",
			"integrity": "sha1-FQStJSMVjKpA20onh8sBQRmU6k8=",
			"dev": true
		},
		"glob": {
			"version": "7.1.2",
			"resolved": "https://registry.npmjs.org/glob/-/glob-7.1.2.tgz",
			"integrity": "sha512-MJTUg1kjuLeQCJ+ccE4Vpa6kKVXkPYJ2mOCQyUuKLcLQsdrMCpBPUi8qVE6+YuaJkozeA9NusTAw3hLr8Xe5EQ==",
			"dev": true,
			"requires": {
				"fs.realpath": "1.0.0",
				"inflight": "1.0.6",
				"inherits": "2.0.3",
				"minimatch": "3.0.4",
				"once": "1.4.0",
				"path-is-absolute": "1.0.1"
			}
		},
		"globals": {
			"version": "9.18.0",
			"resolved": "https://registry.npmjs.org/globals/-/globals-9.18.0.tgz",
			"integrity": "sha512-S0nG3CLEQiY/ILxqtztTWH/3iRRdyBLw6KMDxnKMchrtbj2OFmehVh0WUCfW3DUrIgx/qFrJPICrq4Z4sTR9UQ==",
			"dev": true
		},
		"globby": {
			"version": "6.1.0",
			"resolved": "https://registry.npmjs.org/globby/-/globby-6.1.0.tgz",
			"integrity": "sha1-9abXDoOV4hyFj7BInWTfAkJNUGw=",
			"dev": true,
			"requires": {
				"array-union": "1.0.2",
				"glob": "7.1.2",
				"object-assign": "4.1.1",
				"pify": "2.3.0",
				"pinkie-promise": "2.0.1"
			}
		},
		"graceful-fs": {
			"version": "4.1.11",
			"resolved": "https://registry.npmjs.org/graceful-fs/-/graceful-fs-4.1.11.tgz",
			"integrity": "sha1-Dovf5NHduIVNZOBOp8AOKgJuVlg=",
			"dev": true
		},
		"has-ansi": {
			"version": "2.0.0",
			"resolved": "https://registry.npmjs.org/has-ansi/-/has-ansi-2.0.0.tgz",
			"integrity": "sha1-NPUEnOHs3ysGSa8+8k5F7TVBbZE=",
			"dev": true,
			"requires": {
				"ansi-regex": "2.1.1"
			}
		},
		"home-or-tmp": {
			"version": "2.0.0",
			"resolved": "https://registry.npmjs.org/home-or-tmp/-/home-or-tmp-2.0.0.tgz",
			"integrity": "sha1-42w/LSyufXRqhX440Y1fMqeILbg=",
			"dev": true,
			"requires": {
				"os-homedir": "1.0.2",
				"os-tmpdir": "1.0.2"
			}
		},
		"iconv-lite": {
			"version": "0.4.19",
			"resolved": "https://registry.npmjs.org/iconv-lite/-/iconv-lite-0.4.19.tgz",
			"integrity": "sha512-oTZqweIP51xaGPI4uPa56/Pri/480R+mo7SeU+YETByQNhDG55ycFyNLIgta9vXhILrxXDmF7ZGhqZIcuN0gJQ=="
		},
		"incremental-dom": {
			"version": "0.5.1",
			"resolved": "https://registry.npmjs.org/incremental-dom/-/incremental-dom-0.5.1.tgz",
			"integrity": "sha1-UvRTnD6e7nzREqbaBS+3Fi/vsMM="
		},
		"incremental-dom-string": {
			"version": "0.0.2",
			"resolved": "https://registry.npmjs.org/incremental-dom-string/-/incremental-dom-string-0.0.2.tgz",
			"integrity": "sha512-vh6cTsw+fQNljhNg3/iDuawNjk79CS1sEqucal1DJY+aco/Mgpi+xjkUFMED41f6nzu1V0ialfC84wcW9nqZ2w=="
		},
		"inflight": {
			"version": "1.0.6",
			"resolved": "https://registry.npmjs.org/inflight/-/inflight-1.0.6.tgz",
			"integrity": "sha1-Sb1jMdfQLQwJvJEKEHW6gWW1bfk=",
			"dev": true,
			"requires": {
				"once": "1.4.0",
				"wrappy": "1.0.2"
			}
		},
		"inherits": {
			"version": "2.0.3",
			"resolved": "https://registry.npmjs.org/inherits/-/inherits-2.0.3.tgz",
			"integrity": "sha1-Yzwsg+PaQqUC9SRmAiSA9CCCYd4=",
			"dev": true
		},
		"invariant": {
			"version": "2.2.2",
			"resolved": "https://registry.npmjs.org/invariant/-/invariant-2.2.2.tgz",
			"integrity": "sha1-nh9WrArNtr8wMwbzOL47IErmA2A=",
			"dev": true,
			"requires": {
				"loose-envify": "1.3.1"
			}
		},
		"is-buffer": {
			"version": "1.1.6",
			"resolved": "https://registry.npmjs.org/is-buffer/-/is-buffer-1.1.6.tgz",
			"integrity": "sha512-NcdALwpXkTm5Zvvbk7owOUSvVvBKDgKP5/ewfXEznmQFfs4ZRmanOeKBTjRVjka3QFoN6XJ+9F3USqfHqTaU5w==",
			"dev": true
		},
		"is-finite": {
			"version": "1.0.2",
			"resolved": "https://registry.npmjs.org/is-finite/-/is-finite-1.0.2.tgz",
			"integrity": "sha1-zGZ3aVYCvlUO8R6LSqYwU0K20Ko=",
			"dev": true,
			"requires": {
				"number-is-nan": "1.0.1"
			}
		},
		"is-number": {
			"version": "2.1.0",
			"resolved": "https://registry.npmjs.org/is-number/-/is-number-2.1.0.tgz",
			"integrity": "sha1-Afy7s5NGOlSPL0ZszhbezknbkI8=",
			"dev": true,
			"requires": {
				"kind-of": "3.2.2"
			}
		},
		"js-tokens": {
			"version": "3.0.2",
			"resolved": "https://registry.npmjs.org/js-tokens/-/js-tokens-3.0.2.tgz",
			"integrity": "sha1-mGbfOVECEw449/mWvOtlRDIJwls=",
			"dev": true
		},
		"jsesc": {
			"version": "1.3.0",
			"resolved": "https://registry.npmjs.org/jsesc/-/jsesc-1.3.0.tgz",
			"integrity": "sha1-RsP+yMGJKxKwgz25vHYiF226s0s=",
			"dev": true
		},
		"json5": {
			"version": "0.5.1",
			"resolved": "https://registry.npmjs.org/json5/-/json5-0.5.1.tgz",
			"integrity": "sha1-Hq3nrMASA0rYTiOWdn6tn6VJWCE=",
			"dev": true
		},
		"jsonfile": {
			"version": "4.0.0",
			"resolved": "https://registry.npmjs.org/jsonfile/-/jsonfile-4.0.0.tgz",
			"integrity": "sha1-h3Gq4HmbZAdrdmQPygWPnBDjPss=",
			"dev": true,
			"requires": {
				"graceful-fs": "4.1.11"
			}
		},
		"kind-of": {
			"version": "3.2.2",
			"resolved": "https://registry.npmjs.org/kind-of/-/kind-of-3.2.2.tgz",
			"integrity": "sha1-MeohpzS6ubuw8yRm2JOupR5KPGQ=",
			"dev": true,
			"requires": {
				"is-buffer": "1.1.6"
			}
		},
		"liferay-npm-build-tools-common": {
			"version": "1.4.2",
			"resolved": "https://registry.npmjs.org/liferay-npm-build-tools-common/-/liferay-npm-build-tools-common-1.4.2.tgz",
			"integrity": "sha512-VTw9mMqR/ef+gyJRWtYFtiog/lyCVJMx2Bx+kjUg/db5i2VcdQyvf2hSx3XoXF2SS07Y9E4g0r+LlIFI6iGdYg==",
			"dev": true
		},
		"liferay-npm-bundler": {
			"version": "1.4.2",
			"resolved": "https://registry.npmjs.org/liferay-npm-bundler/-/liferay-npm-bundler-1.4.2.tgz",
			"integrity": "sha512-tHuJ2drMN0qO1dJab2MRu0HL5r/sBfDCz4l2200iDOkFwLXSEQeqbJEu9A4YvlvfTgelPtUfytf6we2Qkxhl/g==",
			"dev": true,
			"requires": {
				"babel-core": "6.26.0",
				"fs-extra": "4.0.3",
				"globby": "6.1.0",
				"liferay-npm-build-tools-common": "1.4.2",
				"pretty-time": "0.2.0",
				"read-json-sync": "1.1.1",
				"resolve": "1.5.0"
			}
		},
		"liferay-npm-bundler-plugin-replace-browser-modules": {
			"version": "1.4.2",
			"resolved": "https://registry.npmjs.org/liferay-npm-bundler-plugin-replace-browser-modules/-/liferay-npm-bundler-plugin-replace-browser-modules-1.4.2.tgz",
			"integrity": "sha512-oH6LM6Z7aZDTyPmUzveTdx7+hskqcUb3SaMpqO5Lhe8PPC3X/ss0Hr/Cu1zwoHRYcOn38q9YQkVIki5xDKRlFA==",
			"dev": true
		},
		"liferay-npm-bundler-preset-standard": {
			"version": "1.4.2",
			"resolved": "https://registry.npmjs.org/liferay-npm-bundler-preset-standard/-/liferay-npm-bundler-preset-standard-1.4.2.tgz",
			"integrity": "sha512-bGKKflJLfHVBPIs56R+Sjy7kqlMzvufGqYXTtnLAV1/V4HxWo9kTarUp8+nM4okDtGI4QHnmx4RLlUXmCYLcLQ==",
			"dev": true,
			"requires": {
				"babel-preset-liferay-standard": "1.4.2",
				"liferay-npm-bundler-plugin-replace-browser-modules": "1.4.2"
			}
		},
		"lodash": {
			"version": "4.17.5",
			"resolved": "https://registry.npmjs.org/lodash/-/lodash-4.17.5.tgz",
			"integrity": "sha512-svL3uiZf1RwhH+cWrfZn3A4+U58wbP0tGVTLQPbjplZxZ8ROD9VLuNgsRniTlLe7OlSqR79RUehXgpBW/s0IQw==",
			"dev": true
		},
		"loose-envify": {
			"version": "1.3.1",
			"resolved": "https://registry.npmjs.org/loose-envify/-/loose-envify-1.3.1.tgz",
			"integrity": "sha1-0aitM/qc4OcT1l/dCsi3SNR4yEg=",
			"dev": true,
			"requires": {
				"js-tokens": "3.0.2"
			}
		},
		"metal": {
			"version": "2.16.2",
			"resolved": "https://registry.npmjs.org/metal/-/metal-2.16.2.tgz",
			"integrity": "sha512-Kv1RvP/0x1Cc191xEj+THqHsUmPdiw2yy/s6tT046kEGxjiOAt5rVLxlN5wYcFfQbckPBYOtgdu7ipZYNWe4hg=="
		},
		"metal-component": {
			"version": "2.16.3",
			"resolved": "https://registry.npmjs.org/metal-component/-/metal-component-2.16.3.tgz",
			"integrity": "sha512-4Di1EOSkUD/UeOEeN5n0iwDZKibqn7p4NjbCmr/9sXCEdB4ZGehLBVkqcctu2UbRh5yLALAHkKFnPBQe9BUmRw==",
			"requires": {
				"metal": "2.16.2",
				"metal-dom": "2.16.2",
				"metal-events": "2.16.2",
				"metal-state": "2.16.2"
			}
		},
		"metal-dom": {
			"version": "2.16.2",
			"resolved": "https://registry.npmjs.org/metal-dom/-/metal-dom-2.16.2.tgz",
			"integrity": "sha512-6X7V5/fG/I0acaVSBj2qwDetwz5enDwLG+GGBb9eu18b0Nb1RPi98w9JqxDu3HdhYrnapag/yhHIlV5623/cAw==",
			"requires": {
				"metal": "2.16.2",
				"metal-events": "2.16.2"
			}
		},
		"metal-events": {
			"version": "2.16.2",
			"resolved": "https://registry.npmjs.org/metal-events/-/metal-events-2.16.2.tgz",
			"integrity": "sha512-4zql7lInXWz2vTuRDzlRcX5k8rXoGqMMvOlyPHr5ibR8vak5VJZ5KXjU49vC4E9OmqFOKOrNrsGUtLD2q9JoTQ==",
			"requires": {
				"metal": "2.16.2"
			}
		},
		"metal-incremental-dom": {
			"version": "2.16.4",
			"resolved": "https://registry.npmjs.org/metal-incremental-dom/-/metal-incremental-dom-2.16.4.tgz",
			"integrity": "sha512-Cg9o53OsngmY7CHoo2xvIQSM0vOVQ394lV3mNUbPUsT0zYRe0iS8PujGKATTdc509DD6OasofGw8i9xRF0XuAQ==",
			"requires": {
				"incremental-dom": "0.5.1",
				"incremental-dom-string": "0.0.2",
				"metal": "2.16.2",
				"metal-component": "2.16.3",
				"metal-dom": "2.16.2"
			}
		},
		"metal-jsx": {
			"version": "2.16.4",
			"resolved": "https://registry.npmjs.org/metal-jsx/-/metal-jsx-2.16.4.tgz",
			"integrity": "sha512-9jxFdX8xvTO82MWO7a/Jkt2weID9wfwAHGemWASbQxwBOot71EXBJe6Hds/gIYQf3k5zlh1Sr8uVDil1+CEX7Q==",
			"requires": {
				"metal": "2.16.2",
				"metal-component": "2.16.3",
				"metal-dom": "2.16.2",
				"metal-incremental-dom": "2.16.4",
				"metal-state": "2.16.2"
			}
		},
		"metal-soy": {
			"version": "2.16.4",
			"resolved": "https://registry.npmjs.org/metal-soy/-/metal-soy-2.16.4.tgz",
			"integrity": "sha512-XQN2wZlYyOVlVdcf468b5ouLlFTXxH1X0BB/zHcv8uW2C2FH7BDjKSPPWDGLj16dLCTxvpPbtT8yaP/2MB85Xg==",
			"requires": {
				"metal": "2.16.2",
				"metal-component": "2.16.3",
				"metal-dom": "2.16.2",
				"metal-incremental-dom": "2.16.4",
				"metal-soy-bundle": "2.16.4",
				"metal-state": "2.16.2"
			}
		},
		"metal-soy-bundle": {
			"version": "2.16.4",
			"resolved": "https://registry.npmjs.org/metal-soy-bundle/-/metal-soy-bundle-2.16.4.tgz",
			"integrity": "sha512-6tTMdL0n1QZ769wyBP55UNe4abobYl9Sd2X0vtNO3a+0iJtALYKNHNw2D0w7xD8kGSTo5YzHYI/Sw9HUr0MWpg==",
			"requires": {
				"metal-incremental-dom": "2.16.4"
			}
		},
		"metal-state": {
			"version": "2.16.2",
			"resolved": "https://registry.npmjs.org/metal-state/-/metal-state-2.16.2.tgz",
			"integrity": "sha512-LbGcFhHDrIpUTV9hdp6iZYp8wP2+RPdNdCcW5XxyyYDN2WucJwOIfi0JQp/JXGlkYV+2eTUAJbTLrKn+kFQVQQ==",
			"requires": {
				"metal": "2.16.2",
				"metal-events": "2.16.2"
			}
		},
		"minimatch": {
			"version": "3.0.4",
			"resolved": "https://registry.npmjs.org/minimatch/-/minimatch-3.0.4.tgz",
			"integrity": "sha512-yJHVQEhyqPLUTgt9B83PXu6W3rx4MvvHvSUvToogpwoGDOUQ+yDrR0HRot+yOCdCO7u4hX3pWft6kWBBcqh0UA==",
			"dev": true,
			"requires": {
				"brace-expansion": "1.1.8"
			}
		},
		"minimist": {
			"version": "0.0.8",
			"resolved": "https://registry.npmjs.org/minimist/-/minimist-0.0.8.tgz",
			"integrity": "sha1-hX/Kv8M5fSYluCKCYuhqp6ARsF0=",
			"dev": true
		},
		"mkdirp": {
			"version": "0.5.1",
			"resolved": "https://registry.npmjs.org/mkdirp/-/mkdirp-0.5.1.tgz",
			"integrity": "sha1-MAV0OOrGz3+MR2fzhkjWaX11yQM=",
			"dev": true,
			"requires": {
				"minimist": "0.0.8"
			}
		},
		"ms": {
			"version": "2.0.0",
			"resolved": "https://registry.npmjs.org/ms/-/ms-2.0.0.tgz",
			"integrity": "sha1-VgiurfwAvmwpAd9fmGF4jeDVl8g=",
			"dev": true
		},
		"nanoseconds": {
			"version": "0.1.0",
			"resolved": "https://registry.npmjs.org/nanoseconds/-/nanoseconds-0.1.0.tgz",
			"integrity": "sha1-aew5/NAOd6s6ct4KQzQoJM15Izo=",
			"dev": true
		},
		"number-is-nan": {
			"version": "1.0.1",
			"resolved": "https://registry.npmjs.org/number-is-nan/-/number-is-nan-1.0.1.tgz",
			"integrity": "sha1-CXtgK1NCKlIsGvuHkDGDNpQaAR0=",
			"dev": true
		},
		"object-assign": {
			"version": "4.1.1",
			"resolved": "https://registry.npmjs.org/object-assign/-/object-assign-4.1.1.tgz",
			"integrity": "sha1-IQmtx5ZYh8/AXLvUQsrIv7s2CGM=",
			"dev": true
		},
		"once": {
			"version": "1.4.0",
			"resolved": "https://registry.npmjs.org/once/-/once-1.4.0.tgz",
			"integrity": "sha1-WDsap3WWHUsROsF9nFC6753Xa9E=",
			"dev": true,
			"requires": {
				"wrappy": "1.0.2"
			}
		},
		"os-homedir": {
			"version": "1.0.2",
			"resolved": "https://registry.npmjs.org/os-homedir/-/os-homedir-1.0.2.tgz",
			"integrity": "sha1-/7xJiDNuDoM94MFox+8VISGqf7M=",
			"dev": true
		},
		"os-tmpdir": {
			"version": "1.0.2",
			"resolved": "https://registry.npmjs.org/os-tmpdir/-/os-tmpdir-1.0.2.tgz",
			"integrity": "sha1-u+Z0BseaqFxc/sdm/lc0VV36EnQ=",
			"dev": true
		},
		"path-is-absolute": {
			"version": "1.0.1",
			"resolved": "https://registry.npmjs.org/path-is-absolute/-/path-is-absolute-1.0.1.tgz",
			"integrity": "sha1-F0uSaHNVNP+8es5r9TpanhtcX18=",
			"dev": true
		},
		"path-parse": {
			"version": "1.0.5",
			"resolved": "https://registry.npmjs.org/path-parse/-/path-parse-1.0.5.tgz",
			"integrity": "sha1-PBrfhx6pzWyUMbbqK9dKD/BVxME=",
			"dev": true
		},
		"pify": {
			"version": "2.3.0",
			"resolved": "https://registry.npmjs.org/pify/-/pify-2.3.0.tgz",
			"integrity": "sha1-7RQaasBDqEnqWISY59yosVMw6Qw=",
			"dev": true
		},
		"pinkie": {
			"version": "2.0.4",
			"resolved": "https://registry.npmjs.org/pinkie/-/pinkie-2.0.4.tgz",
			"integrity": "sha1-clVrgM+g1IqXToDnckjoDtT3+HA=",
			"dev": true
		},
		"pinkie-promise": {
			"version": "2.0.1",
			"resolved": "https://registry.npmjs.org/pinkie-promise/-/pinkie-promise-2.0.1.tgz",
			"integrity": "sha1-ITXW36ejWMBprJsXh3YogihFD/o=",
			"dev": true,
			"requires": {
				"pinkie": "2.0.4"
			}
		},
		"pretty-time": {
			"version": "0.2.0",
			"resolved": "https://registry.npmjs.org/pretty-time/-/pretty-time-0.2.0.tgz",
			"integrity": "sha1-ejvexAScYgzXxCt/NCt01W5z104=",
			"dev": true,
			"requires": {
				"is-number": "2.1.0",
				"nanoseconds": "0.1.0"
			}
		},
		"private": {
			"version": "0.1.8",
			"resolved": "https://registry.npmjs.org/private/-/private-0.1.8.tgz",
			"integrity": "sha512-VvivMrbvd2nKkiG38qjULzlc+4Vx4wm/whI9pQD35YrARNnhxeiRktSOhSukRLFNlzg6Br/cJPet5J/u19r/mg==",
			"dev": true
		},
		"read-json-sync": {
			"version": "1.1.1",
			"resolved": "https://registry.npmjs.org/read-json-sync/-/read-json-sync-1.1.1.tgz",
			"integrity": "sha1-Q8ZproZKrjCN+7snIaZ+KV7I//Y=",
			"dev": true,
			"requires": {
				"graceful-fs": "4.1.11"
			}
		},
		"regenerator-runtime": {
			"version": "0.11.1",
			"resolved": "https://registry.npmjs.org/regenerator-runtime/-/regenerator-runtime-0.11.1.tgz",
			"integrity": "sha512-MguG95oij0fC3QV3URf4V2SDYGJhJnJGqvIIgdECeODCT98wSWDAJ94SSuVpYQUoTcGUIL6L4yNB7j1DFFHSBg==",
			"dev": true
		},
		"repeating": {
			"version": "2.0.1",
			"resolved": "https://registry.npmjs.org/repeating/-/repeating-2.0.1.tgz",
			"integrity": "sha1-UhTFOpJtNVJwdSf7q0FdvAjQbdo=",
			"dev": true,
			"requires": {
				"is-finite": "1.0.2"
			}
		},
		"resolve": {
			"version": "1.5.0",
			"resolved": "https://registry.npmjs.org/resolve/-/resolve-1.5.0.tgz",
			"integrity": "sha512-hgoSGrc3pjzAPHNBg+KnFcK2HwlHTs/YrAGUr6qgTVUZmXv1UEXXl0bZNBKMA9fud6lRYFdPGz0xXxycPzmmiw==",
			"dev": true,
			"requires": {
				"path-parse": "1.0.5"
			}
		},
		"rw": {
			"version": "1.3.3",
			"resolved": "https://registry.npmjs.org/rw/-/rw-1.3.3.tgz",
			"integrity": "sha1-P4Yt+pGrdmsUiF700BEkv9oHT7Q="
		},
		"slash": {
			"version": "1.0.0",
			"resolved": "https://registry.npmjs.org/slash/-/slash-1.0.0.tgz",
			"integrity": "sha1-xB8vbDn8FtHNF61LXYlhFK5HDVU=",
			"dev": true
		},
		"source-map": {
			"version": "0.5.7",
			"resolved": "https://registry.npmjs.org/source-map/-/source-map-0.5.7.tgz",
			"integrity": "sha1-igOdLRAh0i0eoUyA2OpGi6LvP8w=",
			"dev": true
		},
		"source-map-support": {
			"version": "0.4.18",
			"resolved": "https://registry.npmjs.org/source-map-support/-/source-map-support-0.4.18.tgz",
			"integrity": "sha512-try0/JqxPLF9nOjvSta7tVondkP5dwgyLDjVoyMDlmjugT2lRZ1OfsrYTkCd2hkDnJTKRbO/Rl3orm8vlsUzbA==",
			"dev": true,
			"requires": {
				"source-map": "0.5.7"
			}
		},
		"strip-ansi": {
			"version": "3.0.1",
			"resolved": "https://registry.npmjs.org/strip-ansi/-/strip-ansi-3.0.1.tgz",
			"integrity": "sha1-ajhfuIU9lS1f8F0Oiq+UJ43GPc8=",
			"dev": true,
			"requires": {
				"ansi-regex": "2.1.1"
			}
		},
		"supports-color": {
			"version": "2.0.0",
			"resolved": "https://registry.npmjs.org/supports-color/-/supports-color-2.0.0.tgz",
			"integrity": "sha1-U10EXOa2Nj+kARcIRimZXp3zJMc=",
			"dev": true
		},
		"to-fast-properties": {
			"version": "1.0.3",
			"resolved": "https://registry.npmjs.org/to-fast-properties/-/to-fast-properties-1.0.3.tgz",
			"integrity": "sha1-uDVx+k2MJbguIxsG46MFXeTKGkc=",
			"dev": true
		},
		"trim-right": {
			"version": "1.0.1",
			"resolved": "https://registry.npmjs.org/trim-right/-/trim-right-1.0.1.tgz",
			"integrity": "sha1-yy4SAwZ+DI3h9hQJS5/kVwTqYAM=",
			"dev": true
		},
		"universalify": {
			"version": "0.1.1",
			"resolved": "https://registry.npmjs.org/universalify/-/universalify-0.1.1.tgz",
			"integrity": "sha1-+nG63UQ3r0wUiEHjs7Fl+enlkLc=",
			"dev": true
		},
		"wrappy": {
			"version": "1.0.2",
			"resolved": "https://registry.npmjs.org/wrappy/-/wrappy-1.0.2.tgz",
			"integrity": "sha1-tSQ9jz7BqjXxNkYFvA0QNuMKtp8=",
			"dev": true
		},
		"xmlhttprequest": {
			"version": "1.8.0",
			"resolved": "https://registry.npmjs.org/xmlhttprequest/-/xmlhttprequest-1.8.0.tgz",
			"integrity": "sha1-Z/4HXFwk/vOfnWX197f+dRcZaPw="
		}
	}
}
