{
	"dependencies": {
		"ansi-regex": {
			"from": "ansi-regex@>=2.0.0 <3.0.0",
			"resolved": "https://registry.npmjs.org/ansi-regex/-/ansi-regex-2.1.1.tgz",
			"version": "2.1.1"
		},
		"ansi-styles": {
			"from": "ansi-styles@>=2.2.1 <3.0.0",
			"resolved": "https://registry.npmjs.org/ansi-styles/-/ansi-styles-2.2.1.tgz",
			"version": "2.2.1"
		},
		"array-union": {
			"from": "array-union@>=1.0.1 <2.0.0",
			"resolved": "https://registry.npmjs.org/array-union/-/array-union-1.0.2.tgz",
			"version": "1.0.2"
		},
		"array-uniq": {
			"from": "array-uniq@>=1.0.1 <2.0.0",
			"resolved": "https://registry.npmjs.org/array-uniq/-/array-uniq-1.0.3.tgz",
			"version": "1.0.3"
		},
		"assert": {
			"from": "assert@>=1.4.1 <2.0.0",
			"resolved": "https://registry.npmjs.org/assert/-/assert-1.4.1.tgz",
			"version": "1.4.1"
		},
		"babel-code-frame": {
			"from": "babel-code-frame@>=6.22.0 <7.0.0",
			"resolved": "https://registry.npmjs.org/babel-code-frame/-/babel-code-frame-6.22.0.tgz",
			"version": "6.22.0"
		},
		"babel-core": {
			"from": "babel-core@>=6.25.0 <7.0.0",
			"resolved": "https://registry.npmjs.org/babel-core/-/babel-core-6.25.0.tgz",
			"version": "6.25.0"
		},
		"babel-generator": {
			"from": "babel-generator@>=6.25.0 <7.0.0",
			"resolved": "https://registry.npmjs.org/babel-generator/-/babel-generator-6.25.0.tgz",
			"version": "6.25.0"
		},
		"babel-helpers": {
			"from": "babel-helpers@>=6.24.1 <7.0.0",
			"resolved": "https://registry.npmjs.org/babel-helpers/-/babel-helpers-6.24.1.tgz",
			"version": "6.24.1"
		},
		"babel-messages": {
			"from": "babel-messages@>=6.23.0 <7.0.0",
			"resolved": "https://registry.npmjs.org/babel-messages/-/babel-messages-6.23.0.tgz",
			"version": "6.23.0"
		},
		"babel-plugin-name-amd-modules": {
			"from": "babel-plugin-name-amd-modules@>=0.5.0 <0.6.0",
			"resolved": "https://registry.npmjs.org/babel-plugin-name-amd-modules/-/babel-plugin-name-amd-modules-0.5.0.tgz",
			"version": "0.5.0"
		},
		"babel-plugin-namespace-amd-define": {
			"from": "babel-plugin-namespace-amd-define@>=0.5.0 <0.6.0",
			"resolved": "https://registry.npmjs.org/babel-plugin-namespace-amd-define/-/babel-plugin-namespace-amd-define-0.5.0.tgz",
			"version": "0.5.0"
		},
		"babel-plugin-normalize-requires": {
			"from": "babel-plugin-normalize-requires@>=0.5.0 <0.6.0",
			"resolved": "https://registry.npmjs.org/babel-plugin-normalize-requires/-/babel-plugin-normalize-requires-0.5.0.tgz",
			"version": "0.5.0"
		},
		"babel-plugin-shim-node-vars": {
			"from": "babel-plugin-shim-node-vars@>=0.5.0 <0.6.0",
			"resolved": "https://registry.npmjs.org/babel-plugin-shim-node-vars/-/babel-plugin-shim-node-vars-0.5.0.tgz",
			"version": "0.5.0"
		},
		"babel-plugin-wrap-modules-amd": {
			"from": "babel-plugin-wrap-modules-amd@>=0.5.0 <0.6.0",
			"resolved": "https://registry.npmjs.org/babel-plugin-wrap-modules-amd/-/babel-plugin-wrap-modules-amd-0.5.0.tgz",
			"version": "0.5.0"
		},
		"babel-preset-liferay-standard": {
			"from": "babel-preset-liferay-standard@>=0.5.0 <0.6.0",
			"resolved": "https://registry.npmjs.org/babel-preset-liferay-standard/-/babel-preset-liferay-standard-0.5.0.tgz",
			"version": "0.5.0"
		},
		"babel-register": {
			"from": "babel-register@>=6.24.1 <7.0.0",
			"resolved": "https://registry.npmjs.org/babel-register/-/babel-register-6.24.1.tgz",
			"version": "6.24.1"
		},
		"babel-runtime": {
			"from": "babel-runtime@>=6.22.0 <7.0.0",
			"resolved": "https://registry.npmjs.org/babel-runtime/-/babel-runtime-6.23.0.tgz",
			"version": "6.23.0"
		},
		"babel-template": {
			"from": "babel-template@>=6.25.0 <7.0.0",
			"resolved": "https://registry.npmjs.org/babel-template/-/babel-template-6.25.0.tgz",
			"version": "6.25.0"
		},
		"babel-traverse": {
			"from": "babel-traverse@>=6.25.0 <7.0.0",
			"resolved": "https://registry.npmjs.org/babel-traverse/-/babel-traverse-6.25.0.tgz",
			"version": "6.25.0"
		},
		"babel-types": {
			"from": "babel-types@>=6.25.0 <7.0.0",
			"resolved": "https://registry.npmjs.org/babel-types/-/babel-types-6.25.0.tgz",
			"version": "6.25.0"
		},
		"babylon": {
			"from": "babylon@>=6.17.2 <7.0.0",
			"resolved": "https://registry.npmjs.org/babylon/-/babylon-6.17.4.tgz",
			"version": "6.17.4"
		},
		"balanced-match": {
			"from": "balanced-match@>=1.0.0 <2.0.0",
			"resolved": "https://registry.npmjs.org/balanced-match/-/balanced-match-1.0.0.tgz",
			"version": "1.0.0"
		},
		"base64-js": {
			"from": "base64-js@>=1.0.2 <2.0.0",
			"resolved": "https://registry.npmjs.org/base64-js/-/base64-js-1.2.1.tgz",
			"version": "1.2.1"
		},
		"brace-expansion": {
			"from": "brace-expansion@>=1.1.7 <2.0.0",
			"resolved": "https://registry.npmjs.org/brace-expansion/-/brace-expansion-1.1.8.tgz",
			"version": "1.1.8"
		},
		"buffer": {
			"from": "buffer@>=5.0.6 <6.0.0",
			"resolved": "https://registry.npmjs.org/buffer/-/buffer-5.0.6.tgz",
			"version": "5.0.6"
		},
		"chalk": {
			"from": "chalk@>=1.1.0 <2.0.0",
			"resolved": "https://registry.npmjs.org/chalk/-/chalk-1.1.3.tgz",
			"version": "1.1.3"
		},
		"concat-map": {
			"from": "concat-map@0.0.1",
			"resolved": "https://registry.npmjs.org/concat-map/-/concat-map-0.0.1.tgz",
			"version": "0.0.1"
		},
		"console-browserify": {
			"from": "console-browserify@>=1.1.0 <2.0.0",
			"resolved": "https://registry.npmjs.org/console-browserify/-/console-browserify-1.1.0.tgz",
			"version": "1.1.0"
		},
		"convert-source-map": {
			"from": "convert-source-map@>=1.1.0 <2.0.0",
			"resolved": "https://registry.npmjs.org/convert-source-map/-/convert-source-map-1.5.0.tgz",
			"version": "1.5.0"
		},
		"core-js": {
			"from": "core-js@>=2.4.0 <3.0.0",
			"resolved": "https://registry.npmjs.org/core-js/-/core-js-2.4.1.tgz",
			"version": "2.4.1"
		},
		"cp-file": {
			"from": "cp-file@>=4.2.0 <5.0.0",
			"resolved": "https://registry.npmjs.org/cp-file/-/cp-file-4.2.0.tgz",
			"version": "4.2.0"
		},
		"date-now": {
			"from": "date-now@>=0.1.4 <0.2.0",
			"resolved": "https://registry.npmjs.org/date-now/-/date-now-0.1.4.tgz",
			"version": "0.1.4"
		},
		"debug": {
			"from": "debug@>=2.1.1 <3.0.0",
			"resolved": "https://registry.npmjs.org/debug/-/debug-2.6.8.tgz",
			"version": "2.6.8"
		},
		"detect-indent": {
			"from": "detect-indent@>=4.0.0 <5.0.0",
			"resolved": "https://registry.npmjs.org/detect-indent/-/detect-indent-4.0.0.tgz",
			"version": "4.0.0"
		},
		"domain-browser": {
			"from": "domain-browser@>=1.1.7 <2.0.0",
			"resolved": "https://registry.npmjs.org/domain-browser/-/domain-browser-1.1.7.tgz",
			"version": "1.1.7"
		},
		"escape-string-regexp": {
			"from": "escape-string-regexp@>=1.0.2 <2.0.0",
			"resolved": "https://registry.npmjs.org/escape-string-regexp/-/escape-string-regexp-1.0.5.tgz",
			"version": "1.0.5"
		},
		"esutils": {
			"from": "esutils@>=2.0.2 <3.0.0",
			"resolved": "https://registry.npmjs.org/esutils/-/esutils-2.0.2.tgz",
			"version": "2.0.2"
		},
		"events": {
			"from": "events@>=1.1.1 <2.0.0",
			"resolved": "https://registry.npmjs.org/events/-/events-1.1.1.tgz",
			"version": "1.1.1"
		},
		"fs.realpath": {
			"from": "fs.realpath@>=1.0.0 <2.0.0",
			"resolved": "https://registry.npmjs.org/fs.realpath/-/fs.realpath-1.0.0.tgz",
			"version": "1.0.0"
		},
		"glob": {
			"from": "glob@>=7.0.3 <8.0.0",
			"resolved": "https://registry.npmjs.org/glob/-/glob-7.1.2.tgz",
			"version": "7.1.2"
		},
		"globals": {
			"from": "globals@>=9.0.0 <10.0.0",
			"resolved": "https://registry.npmjs.org/globals/-/globals-9.18.0.tgz",
			"version": "9.18.0"
		},
		"globby": {
			"from": "globby@>=6.1.0 <7.0.0",
			"resolved": "https://registry.npmjs.org/globby/-/globby-6.1.0.tgz",
			"version": "6.1.0"
		},
		"graceful-fs": {
			"from": "graceful-fs@>=4.1.2 <5.0.0",
			"resolved": "https://registry.npmjs.org/graceful-fs/-/graceful-fs-4.1.11.tgz",
			"version": "4.1.11"
		},
		"has-ansi": {
			"from": "has-ansi@>=2.0.0 <3.0.0",
			"resolved": "https://registry.npmjs.org/has-ansi/-/has-ansi-2.0.0.tgz",
			"version": "2.0.0"
		},
		"home-or-tmp": {
			"from": "home-or-tmp@>=2.0.0 <3.0.0",
			"resolved": "https://registry.npmjs.org/home-or-tmp/-/home-or-tmp-2.0.0.tgz",
			"version": "2.0.0"
		},
		"ieee754": {
			"from": "ieee754@>=1.1.4 <2.0.0",
			"resolved": "https://registry.npmjs.org/ieee754/-/ieee754-1.1.8.tgz",
			"version": "1.1.8"
		},
		"indexof": {
			"from": "indexof@0.0.1",
			"resolved": "https://registry.npmjs.org/indexof/-/indexof-0.0.1.tgz",
			"version": "0.0.1"
		},
		"inflight": {
			"from": "inflight@>=1.0.4 <2.0.0",
			"resolved": "https://registry.npmjs.org/inflight/-/inflight-1.0.6.tgz",
			"version": "1.0.6"
		},
		"inherits": {
			"from": "inherits@2.0.1",
			"resolved": "https://registry.npmjs.org/inherits/-/inherits-2.0.1.tgz",
			"version": "2.0.1"
		},
		"invariant": {
			"from": "invariant@>=2.2.0 <3.0.0",
			"resolved": "https://registry.npmjs.org/invariant/-/invariant-2.2.2.tgz",
			"version": "2.2.2"
		},
		"is-finite": {
			"from": "is-finite@>=1.0.0 <2.0.0",
			"resolved": "https://registry.npmjs.org/is-finite/-/is-finite-1.0.2.tgz",
			"version": "1.0.2"
		},
		"js-tokens": {
			"from": "js-tokens@>=3.0.0 <4.0.0",
			"resolved": "https://registry.npmjs.org/js-tokens/-/js-tokens-3.0.2.tgz",
			"version": "3.0.2"
		},
		"jsesc": {
			"from": "jsesc@>=1.3.0 <2.0.0",
			"resolved": "https://registry.npmjs.org/jsesc/-/jsesc-1.3.0.tgz",
			"version": "1.3.0"
		},
		"json5": {
			"from": "json5@>=0.5.0 <0.6.0",
			"resolved": "https://registry.npmjs.org/json5/-/json5-0.5.1.tgz",
			"version": "0.5.1"
		},
		"liferay-build-tools-util": {
			"from": "liferay-build-tools-util@>=0.5.0 <0.6.0",
			"resolved": "https://registry.npmjs.org/liferay-build-tools-util/-/liferay-build-tools-util-0.5.0.tgz",
			"version": "0.5.0"
		},
		"liferay-npm-bundler": {
			"from": "liferay-npm-bundler@>=0.5.0 <0.6.0",
			"resolved": "https://registry.npmjs.org/liferay-npm-bundler/-/liferay-npm-bundler-0.5.0.tgz",
			"version": "0.5.0"
		},
		"liferay-npm-bundler-plugin-replace-browser-modules": {
			"from": "liferay-npm-bundler-plugin-replace-browser-modules@>=0.5.0 <0.6.0",
			"resolved": "https://registry.npmjs.org/liferay-npm-bundler-plugin-replace-browser-modules/-/liferay-npm-bundler-plugin-replace-browser-modules-0.5.0.tgz",
			"version": "0.5.0"
		},
		"liferay-npm-bundler-preset-standard": {
			"from": "liferay-npm-bundler-preset-standard@>=0.5.0 <0.6.0",
			"resolved": "https://registry.npmjs.org/liferay-npm-bundler-preset-standard/-/liferay-npm-bundler-preset-standard-0.5.0.tgz",
			"version": "0.5.0"
		},
		"lodash": {
			"from": "lodash@>=4.2.0 <5.0.0",
			"resolved": "https://registry.npmjs.org/lodash/-/lodash-4.17.4.tgz",
			"version": "4.17.4"
		},
		"loose-envify": {
			"from": "loose-envify@>=1.0.0 <2.0.0",
			"resolved": "https://registry.npmjs.org/loose-envify/-/loose-envify-1.3.1.tgz",
			"version": "1.3.1"
		},
		"make-dir": {
			"from": "make-dir@>=1.0.0 <2.0.0",
			"resolved": "https://registry.npmjs.org/make-dir/-/make-dir-1.0.0.tgz",
			"version": "1.0.0"
		},
		"minimatch": {
			"from": "minimatch@>=3.0.2 <4.0.0",
			"resolved": "https://registry.npmjs.org/minimatch/-/minimatch-3.0.4.tgz",
			"version": "3.0.4"
		},
		"minimist": {
			"from": "minimist@0.0.8",
			"resolved": "https://registry.npmjs.org/minimist/-/minimist-0.0.8.tgz",
			"version": "0.0.8"
		},
		"mkdirp": {
			"from": "mkdirp@>=0.5.1 <0.6.0",
			"resolved": "https://registry.npmjs.org/mkdirp/-/mkdirp-0.5.1.tgz",
			"version": "0.5.1"
		},
		"ms": {
			"from": "ms@2.0.0",
			"resolved": "https://registry.npmjs.org/ms/-/ms-2.0.0.tgz",
			"version": "2.0.0"
		},
		"nested-error-stacks": {
			"from": "nested-error-stacks@>=2.0.0 <3.0.0",
			"resolved": "https://registry.npmjs.org/nested-error-stacks/-/nested-error-stacks-2.0.0.tgz",
			"version": "2.0.0"
		},
		"number-is-nan": {
			"from": "number-is-nan@>=1.0.0 <2.0.0",
			"resolved": "https://registry.npmjs.org/number-is-nan/-/number-is-nan-1.0.1.tgz",
			"version": "1.0.1"
		},
		"object-assign": {
			"from": "object-assign@>=4.0.1 <5.0.0",
			"resolved": "https://registry.npmjs.org/object-assign/-/object-assign-4.1.1.tgz",
			"version": "4.1.1"
		},
		"once": {
			"from": "once@>=1.3.0 <2.0.0",
			"resolved": "https://registry.npmjs.org/once/-/once-1.4.0.tgz",
			"version": "1.4.0"
		},
		"os-browserify": {
			"from": "os-browserify@>=0.3.0 <0.4.0",
			"resolved": "https://registry.npmjs.org/os-browserify/-/os-browserify-0.3.0.tgz",
			"version": "0.3.0"
		},
		"os-homedir": {
			"from": "os-homedir@>=1.0.0 <2.0.0",
			"resolved": "https://registry.npmjs.org/os-homedir/-/os-homedir-1.0.2.tgz",
			"version": "1.0.2"
		},
		"os-tmpdir": {
			"from": "os-tmpdir@>=1.0.1 <2.0.0",
			"resolved": "https://registry.npmjs.org/os-tmpdir/-/os-tmpdir-1.0.2.tgz",
			"version": "1.0.2"
		},
		"path-browserify": {
			"from": "path-browserify@0.0.0",
			"resolved": "https://registry.npmjs.org/path-browserify/-/path-browserify-0.0.0.tgz",
			"version": "0.0.0"
		},
		"path-is-absolute": {
			"from": "path-is-absolute@>=1.0.0 <2.0.0",
			"resolved": "https://registry.npmjs.org/path-is-absolute/-/path-is-absolute-1.0.1.tgz",
			"version": "1.0.1"
		},
		"path-parse": {
			"from": "path-parse@>=1.0.5 <2.0.0",
			"resolved": "https://registry.npmjs.org/path-parse/-/path-parse-1.0.5.tgz",
			"version": "1.0.5"
		},
		"pify": {
			"from": "pify@>=2.3.0 <3.0.0",
			"resolved": "https://registry.npmjs.org/pify/-/pify-2.3.0.tgz",
			"version": "2.3.0"
		},
		"pinkie": {
			"from": "pinkie@>=2.0.0 <3.0.0",
			"resolved": "https://registry.npmjs.org/pinkie/-/pinkie-2.0.4.tgz",
			"version": "2.0.4"
		},
		"pinkie-promise": {
			"from": "pinkie-promise@>=2.0.0 <3.0.0",
			"resolved": "https://registry.npmjs.org/pinkie-promise/-/pinkie-promise-2.0.1.tgz",
			"version": "2.0.1"
		},
		"private": {
			"from": "private@>=0.1.6 <0.2.0",
			"resolved": "https://registry.npmjs.org/private/-/private-0.1.7.tgz",
			"version": "0.1.7"
		},
		"process": {
			"from": "process@>=0.11.10 <0.12.0",
			"resolved": "https://registry.npmjs.org/process/-/process-0.11.10.tgz",
			"version": "0.11.10"
		},
		"punycode": {
			"from": "punycode@>=2.1.0 <3.0.0",
			"resolved": "https://registry.npmjs.org/punycode/-/punycode-2.1.0.tgz",
			"version": "2.1.0"
		},
		"querystring": {
			"from": "querystring@0.2.0",
			"resolved": "https://registry.npmjs.org/querystring/-/querystring-0.2.0.tgz",
			"version": "0.2.0"
		},
		"querystring-es3": {
			"from": "querystring-es3@>=0.2.1 <0.3.0",
			"resolved": "https://registry.npmjs.org/querystring-es3/-/querystring-es3-0.2.1.tgz",
			"version": "0.2.1"
		},
		"read-json-sync": {
			"from": "read-json-sync@>=1.1.1 <2.0.0",
			"resolved": "https://registry.npmjs.org/read-json-sync/-/read-json-sync-1.1.1.tgz",
			"version": "1.1.1"
		},
		"regenerator-runtime": {
			"from": "regenerator-runtime@>=0.10.0 <0.11.0",
			"resolved": "https://registry.npmjs.org/regenerator-runtime/-/regenerator-runtime-0.10.5.tgz",
			"version": "0.10.5"
		},
		"repeating": {
			"from": "repeating@>=2.0.0 <3.0.0",
			"resolved": "https://registry.npmjs.org/repeating/-/repeating-2.0.1.tgz",
			"version": "2.0.1"
		},
		"resolve": {
			"from": "resolve@>=1.3.3 <2.0.0",
			"resolved": "https://registry.npmjs.org/resolve/-/resolve-1.3.3.tgz",
			"version": "1.3.3"
		},
		"safe-buffer": {
			"from": "safe-buffer@>=5.1.0 <5.2.0",
			"resolved": "https://registry.npmjs.org/safe-buffer/-/safe-buffer-5.1.1.tgz",
			"version": "5.1.1"
		},
		"setimmediate": {
			"from": "setimmediate@>=1.0.5 <2.0.0",
			"resolved": "https://registry.npmjs.org/setimmediate/-/setimmediate-1.0.5.tgz",
			"version": "1.0.5"
		},
		"slash": {
			"from": "slash@>=1.0.0 <2.0.0",
			"resolved": "https://registry.npmjs.org/slash/-/slash-1.0.0.tgz",
			"version": "1.0.0"
		},
		"source-map": {
			"from": "source-map@>=0.5.0 <0.6.0",
			"resolved": "https://registry.npmjs.org/source-map/-/source-map-0.5.6.tgz",
			"version": "0.5.6"
		},
		"source-map-support": {
			"from": "source-map-support@>=0.4.2 <0.5.0",
			"resolved": "https://registry.npmjs.org/source-map-support/-/source-map-support-0.4.15.tgz",
			"version": "0.4.15"
		},
		"string_decoder": {
			"from": "string_decoder@>=1.0.1 <2.0.0",
			"resolved": "https://registry.npmjs.org/string_decoder/-/string_decoder-1.0.3.tgz",
			"version": "1.0.3"
		},
		"strip-ansi": {
			"from": "strip-ansi@>=3.0.0 <4.0.0",
			"resolved": "https://registry.npmjs.org/strip-ansi/-/strip-ansi-3.0.1.tgz",
			"version": "3.0.1"
		},
		"supports-color": {
			"from": "supports-color@>=2.0.0 <3.0.0",
			"resolved": "https://registry.npmjs.org/supports-color/-/supports-color-2.0.0.tgz",
			"version": "2.0.0"
		},
		"timers-browserify": {
			"from": "timers-browserify@>=2.0.2 <3.0.0",
			"resolved": "https://registry.npmjs.org/timers-browserify/-/timers-browserify-2.0.2.tgz",
			"version": "2.0.2"
		},
		"to-fast-properties": {
			"from": "to-fast-properties@>=1.0.1 <2.0.0",
			"resolved": "https://registry.npmjs.org/to-fast-properties/-/to-fast-properties-1.0.3.tgz",
			"version": "1.0.3"
		},
		"trim-right": {
			"from": "trim-right@>=1.0.1 <2.0.0",
			"resolved": "https://registry.npmjs.org/trim-right/-/trim-right-1.0.1.tgz",
			"version": "1.0.1"
		},
		"tty-browserify": {
			"from": "tty-browserify@0.0.0",
			"resolved": "https://registry.npmjs.org/tty-browserify/-/tty-browserify-0.0.0.tgz",
			"version": "0.0.0"
		},
		"url": {
			"dependencies": {
				"punycode": {
					"from": "punycode@1.3.2",
					"resolved": "https://registry.npmjs.org/punycode/-/punycode-1.3.2.tgz",
					"version": "1.3.2"
				}
			},
			"from": "url@>=0.11.0 <0.12.0",
			"resolved": "https://registry.npmjs.org/url/-/url-0.11.0.tgz",
			"version": "0.11.0"
		},
		"util": {
			"from": "util@>=0.10.3 <0.11.0",
			"resolved": "https://registry.npmjs.org/util/-/util-0.10.3.tgz",
			"version": "0.10.3"
		},
		"vm-browserify": {
			"from": "vm-browserify@0.0.4",
			"resolved": "https://registry.npmjs.org/vm-browserify/-/vm-browserify-0.0.4.tgz",
			"version": "0.0.4"
		},
		"wrappy": {
			"from": "wrappy@>=1.0.0 <2.0.0",
			"resolved": "https://registry.npmjs.org/wrappy/-/wrappy-1.0.2.tgz",
			"version": "1.0.2"
		}
	},
	"name": "frontend-js-node-shims",
	"version": "1.0.0"
}