{
	"name": "frontend-js-node-shims",
	"version": "2.0.0",
	"lockfileVersion": 1,
	"requires": true,
	"dependencies": {
		"ansi-regex": {
			"version": "2.1.1",
			"resolved": "https://registry.npmjs.org/ansi-regex/-/ansi-regex-2.1.1.tgz",
			"integrity": "sha1-w7M6te42DYbg5ijwRorn7yfWVN8=",
			"dev": true
		},
		"ansi-styles": {
			"version": "2.2.1",
			"resolved": "https://registry.npmjs.org/ansi-styles/-/ansi-styles-2.2.1.tgz",
			"integrity": "sha1-tDLdM1i2NM914eRmQ2gkBTPB3b4=",
			"dev": true
		},
		"array-union": {
			"version": "1.0.2",
			"resolved": "https://registry.npmjs.org/array-union/-/array-union-1.0.2.tgz",
			"integrity": "sha1-mjRBDk9OPaI96jdb5b5w8kd47Dk=",
			"dev": true,
			"requires": {
				"array-uniq": "1.0.3"
			}
		},
		"array-uniq": {
			"version": "1.0.3",
			"resolved": "https://registry.npmjs.org/array-uniq/-/array-uniq-1.0.3.tgz",
			"integrity": "sha1-r2rId6Jcx/dOBYiUdThY39sk/bY=",
			"dev": true
		},
		"assert": {
			"version": "1.4.1",
			"resolved": "https://registry.npmjs.org/assert/-/assert-1.4.1.tgz",
			"integrity": "sha1-mZEtWRg2tab1s0XA8H7vwI/GXZE=",
			"requires": {
				"util": "0.10.3"
			}
		},
		"babel-code-frame": {
			"version": "6.26.0",
			"resolved": "https://registry.npmjs.org/babel-code-frame/-/babel-code-frame-6.26.0.tgz",
			"integrity": "sha1-Y/1D99weO7fONZR9uP42mj9Yx0s=",
			"dev": true,
			"requires": {
				"chalk": "1.1.3",
				"esutils": "2.0.2",
				"js-tokens": "3.0.2"
			}
		},
		"babel-core": {
			"version": "6.26.0",
			"resolved": "https://registry.npmjs.org/babel-core/-/babel-core-6.26.0.tgz",
			"integrity": "sha1-rzL3izGm/O8RnIew/Y2XU/A6C7g=",
			"dev": true,
			"requires": {
				"babel-code-frame": "6.26.0",
				"babel-generator": "6.26.0",
				"babel-helpers": "6.24.1",
				"babel-messages": "6.23.0",
				"babel-register": "6.26.0",
				"babel-runtime": "6.26.0",
				"babel-template": "6.26.0",
				"babel-traverse": "6.26.0",
				"babel-types": "6.26.0",
				"babylon": "6.18.0",
				"convert-source-map": "1.5.0",
				"debug": "2.6.8",
				"json5": "0.5.1",
				"lodash": "4.17.4",
				"minimatch": "3.0.4",
				"path-is-absolute": "1.0.1",
				"private": "0.1.7",
				"slash": "1.0.0",
				"source-map": "0.5.7"
			}
		},
		"babel-generator": {
			"version": "6.26.0",
			"resolved": "https://registry.npmjs.org/babel-generator/-/babel-generator-6.26.0.tgz",
			"integrity": "sha1-rBriAHC3n248odMmlhMFN3TyDcU=",
			"dev": true,
			"requires": {
				"babel-messages": "6.23.0",
				"babel-runtime": "6.26.0",
				"babel-types": "6.26.0",
				"detect-indent": "4.0.0",
				"jsesc": "1.3.0",
				"lodash": "4.17.4",
				"source-map": "0.5.7",
				"trim-right": "1.0.1"
			}
		},
		"babel-helpers": {
			"version": "6.24.1",
			"resolved": "https://registry.npmjs.org/babel-helpers/-/babel-helpers-6.24.1.tgz",
			"integrity": "sha1-NHHenK7DiOXIUOWX5Yom3fN2ArI=",
			"dev": true,
			"requires": {
				"babel-runtime": "6.26.0",
				"babel-template": "6.26.0"
			}
		},
		"babel-messages": {
			"version": "6.23.0",
			"resolved": "https://registry.npmjs.org/babel-messages/-/babel-messages-6.23.0.tgz",
			"integrity": "sha1-8830cDhYA1sqKVHG7F7fbGLyYw4=",
			"dev": true,
			"requires": {
				"babel-runtime": "6.26.0"
			}
		},
		"babel-plugin-name-amd-modules": {
			"version": "1.1.0",
			"resolved": "https://registry.npmjs.org/babel-plugin-name-amd-modules/-/babel-plugin-name-amd-modules-1.1.0.tgz",
			"integrity": "sha1-BcYSWRC4I5AfPf5WtEhc9C0YzII=",
			"dev": true,
			"requires": {
				"liferay-npm-build-tools-common": "1.1.0",
				"read-json-sync": "1.1.1"
			}
		},
		"babel-plugin-namespace-amd-define": {
			"version": "1.1.0",
			"resolved": "https://registry.npmjs.org/babel-plugin-namespace-amd-define/-/babel-plugin-namespace-amd-define-1.1.0.tgz",
			"integrity": "sha1-sL52/IGtBgnwRSSHAFabkRg87ww=",
			"dev": true
		},
		"babel-plugin-normalize-requires": {
			"version": "1.1.0",
			"resolved": "https://registry.npmjs.org/babel-plugin-normalize-requires/-/babel-plugin-normalize-requires-1.1.0.tgz",
			"integrity": "sha1-OK8MMVYK+XqZT0tJAl/v3foEgxY=",
			"dev": true
		},
		"babel-plugin-transform-node-env-inline": {
			"version": "0.2.0",
			"resolved": "https://registry.npmjs.org/babel-plugin-transform-node-env-inline/-/babel-plugin-transform-node-env-inline-0.2.0.tgz",
			"integrity": "sha512-I4m1TjVWhYstTEcZckM1DZR+3mwobPrMTtKn1ALVmXP346F52CETaZMSrsYJ2XNhZNa/A72SFyaC1xZam5sBVg==",
			"dev": true
		},
		"babel-plugin-wrap-modules-amd": {
			"version": "1.1.0",
			"resolved": "https://registry.npmjs.org/babel-plugin-wrap-modules-amd/-/babel-plugin-wrap-modules-amd-1.1.0.tgz",
			"integrity": "sha1-JiIm5bCNGO+ESAXH326dbLuFGnQ=",
			"dev": true,
			"requires": {
				"babel-template": "6.26.0",
				"read-json-sync": "1.1.1"
			}
		},
		"babel-preset-liferay-standard": {
			"version": "1.1.0",
			"resolved": "https://registry.npmjs.org/babel-preset-liferay-standard/-/babel-preset-liferay-standard-1.1.0.tgz",
			"integrity": "sha1-4mVmpkLD8S/DN4FgDp1mdq1Fbv0=",
			"dev": true,
			"requires": {
				"babel-plugin-name-amd-modules": "1.1.0",
				"babel-plugin-namespace-amd-define": "1.1.0",
				"babel-plugin-normalize-requires": "1.1.0",
				"babel-plugin-transform-node-env-inline": "0.2.0",
				"babel-plugin-wrap-modules-amd": "1.1.0"
			}
		},
		"babel-register": {
			"version": "6.26.0",
			"resolved": "https://registry.npmjs.org/babel-register/-/babel-register-6.26.0.tgz",
			"integrity": "sha1-btAhFz4vy0htestFxgCahW9kcHE=",
			"dev": true,
			"requires": {
				"babel-core": "6.26.0",
				"babel-runtime": "6.26.0",
				"core-js": "2.5.0",
				"home-or-tmp": "2.0.0",
				"lodash": "4.17.4",
				"mkdirp": "0.5.1",
				"source-map-support": "0.4.16"
			}
		},
		"babel-runtime": {
			"version": "6.26.0",
			"resolved": "https://registry.npmjs.org/babel-runtime/-/babel-runtime-6.26.0.tgz",
			"integrity": "sha1-llxwWGaOgrVde/4E/yM3vItWR/4=",
			"dev": true,
			"requires": {
				"core-js": "2.5.0",
				"regenerator-runtime": "0.11.0"
			}
		},
		"babel-template": {
			"version": "6.26.0",
			"resolved": "https://registry.npmjs.org/babel-template/-/babel-template-6.26.0.tgz",
			"integrity": "sha1-3gPi0WOWsGn0bdn/+FIfsaDjXgI=",
			"dev": true,
			"requires": {
				"babel-runtime": "6.26.0",
				"babel-traverse": "6.26.0",
				"babel-types": "6.26.0",
				"babylon": "6.18.0",
				"lodash": "4.17.4"
			}
		},
		"babel-traverse": {
			"version": "6.26.0",
			"resolved": "https://registry.npmjs.org/babel-traverse/-/babel-traverse-6.26.0.tgz",
			"integrity": "sha1-RqnL1+3MYsjlwGTi0tjQ9ANXZu4=",
			"dev": true,
			"requires": {
				"babel-code-frame": "6.26.0",
				"babel-messages": "6.23.0",
				"babel-runtime": "6.26.0",
				"babel-types": "6.26.0",
				"babylon": "6.18.0",
				"debug": "2.6.8",
				"globals": "9.18.0",
				"invariant": "2.2.2",
				"lodash": "4.17.4"
			}
		},
		"babel-types": {
			"version": "6.26.0",
			"resolved": "https://registry.npmjs.org/babel-types/-/babel-types-6.26.0.tgz",
			"integrity": "sha1-o7Bz+Uq0nrb6Vc1lInozQ4BjJJc=",
			"dev": true,
			"requires": {
				"babel-runtime": "6.26.0",
				"esutils": "2.0.2",
				"lodash": "4.17.4",
				"to-fast-properties": "1.0.3"
			}
		},
		"babylon": {
			"version": "6.18.0",
			"resolved": "https://registry.npmjs.org/babylon/-/babylon-6.18.0.tgz",
			"integrity": "sha512-q/UEjfGJ2Cm3oKV71DJz9d25TPnq5rhBVL2Q4fA5wcC3jcrdn7+SssEybFIxwAvvP+YCsCYNKughoF33GxgycQ==",
			"dev": true
		},
		"balanced-match": {
			"version": "1.0.0",
			"resolved": "https://registry.npmjs.org/balanced-match/-/balanced-match-1.0.0.tgz",
			"integrity": "sha1-ibTRmasr7kneFk6gK4nORi1xt2c=",
			"dev": true
		},
		"base64-js": {
			"version": "1.2.1",
			"resolved": "https://registry.npmjs.org/base64-js/-/base64-js-1.2.1.tgz",
			"integrity": "sha512-dwVUVIXsBZXwTuwnXI9RK8sBmgq09NDHzyR9SAph9eqk76gKK2JSQmZARC2zRC81JC2QTtxD0ARU5qTS25gIGw=="
		},
		"brace-expansion": {
			"version": "1.1.8",
			"resolved": "https://registry.npmjs.org/brace-expansion/-/brace-expansion-1.1.8.tgz",
			"integrity": "sha1-wHshHHyVLsH479Uad+8NHTmQopI=",
			"dev": true,
			"requires": {
				"balanced-match": "1.0.0",
				"concat-map": "0.0.1"
			}
		},
		"buffer": {
			"version": "5.0.7",
			"resolved": "https://registry.npmjs.org/buffer/-/buffer-5.0.7.tgz",
			"integrity": "sha512-NeeHXWh5pCbPQCt2/6rLvXqapZfVsqw/YgRgaHpT3H9Uzgs+S0lSg5SQzouIuDvcmlQRqBe8hOO2scKCu3cxrg==",
			"requires": {
				"base64-js": "1.2.1",
				"ieee754": "1.1.8"
			}
		},
		"chalk": {
			"version": "1.1.3",
			"resolved": "https://registry.npmjs.org/chalk/-/chalk-1.1.3.tgz",
			"integrity": "sha1-qBFcVeSnAv5NFQq9OHKCKn4J/Jg=",
			"dev": true,
			"requires": {
				"ansi-styles": "2.2.1",
				"escape-string-regexp": "1.0.5",
				"has-ansi": "2.0.0",
				"strip-ansi": "3.0.1",
				"supports-color": "2.0.0"
			}
		},
		"concat-map": {
			"version": "0.0.1",
			"resolved": "https://registry.npmjs.org/concat-map/-/concat-map-0.0.1.tgz",
			"integrity": "sha1-2Klr13/Wjfd5OnMDajug1UBdR3s=",
			"dev": true
		},
		"console-browserify": {
			"version": "1.1.0",
			"resolved": "https://registry.npmjs.org/console-browserify/-/console-browserify-1.1.0.tgz",
			"integrity": "sha1-8CQcRXMKn8YyOyBtvzjtx0HQuxA=",
			"requires": {
				"date-now": "0.1.4"
			}
		},
		"convert-source-map": {
			"version": "1.5.0",
			"resolved": "https://registry.npmjs.org/convert-source-map/-/convert-source-map-1.5.0.tgz",
			"integrity": "sha1-ms1whRxtXf3ZPZKC5e35SgP/RrU=",
			"dev": true
		},
		"core-js": {
			"version": "2.5.0",
			"resolved": "https://registry.npmjs.org/core-js/-/core-js-2.5.0.tgz",
			"integrity": "sha1-VpwFCRi+ZIazg3VSAorgRmtxcIY=",
			"dev": true
		},
		"cp-file": {
			"version": "4.2.0",
			"resolved": "https://registry.npmjs.org/cp-file/-/cp-file-4.2.0.tgz",
			"integrity": "sha1-cVNhZjtx7eC23dvDyA4roC5yXsM=",
			"dev": true,
			"requires": {
				"graceful-fs": "4.1.11",
				"make-dir": "1.0.0",
				"nested-error-stacks": "2.0.0",
				"pify": "2.3.0",
				"safe-buffer": "5.1.1"
			}
		},
		"date-now": {
			"version": "0.1.4",
			"resolved": "https://registry.npmjs.org/date-now/-/date-now-0.1.4.tgz",
			"integrity": "sha1-6vQ5/U1ISK105cx9vvIAZyueNFs="
		},
		"debug": {
			"version": "2.6.8",
			"resolved": "https://registry.npmjs.org/debug/-/debug-2.6.8.tgz",
			"integrity": "sha1-5zFTHKLt4n0YgiJCfaF4IdaP9Pw=",
			"dev": true,
			"requires": {
				"ms": "2.0.0"
			}
		},
		"detect-indent": {
			"version": "4.0.0",
			"resolved": "https://registry.npmjs.org/detect-indent/-/detect-indent-4.0.0.tgz",
			"integrity": "sha1-920GQ1LN9Docts5hnE7jqUdd4gg=",
			"dev": true,
			"requires": {
				"repeating": "2.0.1"
			}
		},
		"domain-browser": {
			"version": "1.1.7",
			"resolved": "https://registry.npmjs.org/domain-browser/-/domain-browser-1.1.7.tgz",
			"integrity": "sha1-hnqksJP6oF8d4IwG9NeyH9+GmLw="
		},
		"escape-string-regexp": {
			"version": "1.0.5",
			"resolved": "https://registry.npmjs.org/escape-string-regexp/-/escape-string-regexp-1.0.5.tgz",
			"integrity": "sha1-G2HAViGQqN/2rjuyzwIAyhMLhtQ=",
			"dev": true
		},
		"esutils": {
			"version": "2.0.2",
			"resolved": "https://registry.npmjs.org/esutils/-/esutils-2.0.2.tgz",
			"integrity": "sha1-Cr9PHKpbyx96nYrMbepPqqBLrJs=",
			"dev": true
		},
		"events": {
			"version": "1.1.1",
			"resolved": "https://registry.npmjs.org/events/-/events-1.1.1.tgz",
			"integrity": "sha1-nr23Y1rQmccNzEwqH1AEKI6L2SQ="
		},
		"fs.realpath": {
			"version": "1.0.0",
			"resolved": "https://registry.npmjs.org/fs.realpath/-/fs.realpath-1.0.0.tgz",
			"integrity": "sha1-FQStJSMVjKpA20onh8sBQRmU6k8=",
			"dev": true
		},
		"glob": {
			"version": "7.1.2",
			"resolved": "https://registry.npmjs.org/glob/-/glob-7.1.2.tgz",
			"integrity": "sha512-MJTUg1kjuLeQCJ+ccE4Vpa6kKVXkPYJ2mOCQyUuKLcLQsdrMCpBPUi8qVE6+YuaJkozeA9NusTAw3hLr8Xe5EQ==",
			"dev": true,
			"requires": {
				"fs.realpath": "1.0.0",
				"inflight": "1.0.6",
				"inherits": "2.0.1",
				"minimatch": "3.0.4",
				"once": "1.4.0",
				"path-is-absolute": "1.0.1"
			}
		},
		"globals": {
			"version": "9.18.0",
			"resolved": "https://registry.npmjs.org/globals/-/globals-9.18.0.tgz",
			"integrity": "sha512-S0nG3CLEQiY/ILxqtztTWH/3iRRdyBLw6KMDxnKMchrtbj2OFmehVh0WUCfW3DUrIgx/qFrJPICrq4Z4sTR9UQ==",
			"dev": true
		},
		"globby": {
			"version": "6.1.0",
			"resolved": "https://registry.npmjs.org/globby/-/globby-6.1.0.tgz",
			"integrity": "sha1-9abXDoOV4hyFj7BInWTfAkJNUGw=",
			"dev": true,
			"requires": {
				"array-union": "1.0.2",
				"glob": "7.1.2",
				"object-assign": "4.1.1",
				"pify": "2.3.0",
				"pinkie-promise": "2.0.1"
			}
		},
		"graceful-fs": {
			"version": "4.1.11",
			"resolved": "https://registry.npmjs.org/graceful-fs/-/graceful-fs-4.1.11.tgz",
			"integrity": "sha1-Dovf5NHduIVNZOBOp8AOKgJuVlg=",
			"dev": true
		},
		"has-ansi": {
			"version": "2.0.0",
			"resolved": "https://registry.npmjs.org/has-ansi/-/has-ansi-2.0.0.tgz",
			"integrity": "sha1-NPUEnOHs3ysGSa8+8k5F7TVBbZE=",
			"dev": true,
			"requires": {
				"ansi-regex": "2.1.1"
			}
		},
		"home-or-tmp": {
			"version": "2.0.0",
			"resolved": "https://registry.npmjs.org/home-or-tmp/-/home-or-tmp-2.0.0.tgz",
			"integrity": "sha1-42w/LSyufXRqhX440Y1fMqeILbg=",
			"dev": true,
			"requires": {
				"os-homedir": "1.0.2",
				"os-tmpdir": "1.0.2"
			}
		},
		"ieee754": {
			"version": "1.1.8",
			"resolved": "https://registry.npmjs.org/ieee754/-/ieee754-1.1.8.tgz",
			"integrity": "sha1-vjPUCsEO8ZJnAfbwii2G+/0a0+Q="
		},
		"indexof": {
			"version": "0.0.1",
			"resolved": "https://registry.npmjs.org/indexof/-/indexof-0.0.1.tgz",
			"integrity": "sha1-gtwzbSMrkGIXnQWrMpOmYFn9Q10="
		},
		"inflight": {
			"version": "1.0.6",
			"resolved": "https://registry.npmjs.org/inflight/-/inflight-1.0.6.tgz",
			"integrity": "sha1-Sb1jMdfQLQwJvJEKEHW6gWW1bfk=",
			"dev": true,
			"requires": {
				"once": "1.4.0",
				"wrappy": "1.0.2"
			}
		},
		"inherits": {
			"version": "2.0.1",
			"resolved": "https://registry.npmjs.org/inherits/-/inherits-2.0.1.tgz",
			"integrity": "sha1-sX0I0ya0Qj5Wjv9xn5GwscvfafE="
		},
		"invariant": {
			"version": "2.2.2",
			"resolved": "https://registry.npmjs.org/invariant/-/invariant-2.2.2.tgz",
			"integrity": "sha1-nh9WrArNtr8wMwbzOL47IErmA2A=",
			"dev": true,
			"requires": {
				"loose-envify": "1.3.1"
			}
		},
		"is-finite": {
			"version": "1.0.2",
			"resolved": "https://registry.npmjs.org/is-finite/-/is-finite-1.0.2.tgz",
			"integrity": "sha1-zGZ3aVYCvlUO8R6LSqYwU0K20Ko=",
			"dev": true,
			"requires": {
				"number-is-nan": "1.0.1"
			}
		},
		"js-tokens": {
			"version": "3.0.2",
			"resolved": "https://registry.npmjs.org/js-tokens/-/js-tokens-3.0.2.tgz",
			"integrity": "sha1-mGbfOVECEw449/mWvOtlRDIJwls=",
			"dev": true
		},
		"jsesc": {
			"version": "1.3.0",
			"resolved": "https://registry.npmjs.org/jsesc/-/jsesc-1.3.0.tgz",
			"integrity": "sha1-RsP+yMGJKxKwgz25vHYiF226s0s=",
			"dev": true
		},
		"json5": {
			"version": "0.5.1",
			"resolved": "https://registry.npmjs.org/json5/-/json5-0.5.1.tgz",
			"integrity": "sha1-Hq3nrMASA0rYTiOWdn6tn6VJWCE=",
			"dev": true
		},
		"liferay-npm-build-tools-common": {
			"version": "1.1.0",
			"resolved": "https://registry.npmjs.org/liferay-npm-build-tools-common/-/liferay-npm-build-tools-common-1.1.0.tgz",
			"integrity": "sha1-/Vqx8U69OvuzpFiSSczLPmtWpig=",
			"dev": true
		},
		"liferay-npm-bundler": {
			"version": "1.1.0",
			"resolved": "https://registry.npmjs.org/liferay-npm-bundler/-/liferay-npm-bundler-1.1.0.tgz",
			"integrity": "sha1-NQI4dju3rSzkZJB61FoQteeRgeM=",
			"dev": true,
			"requires": {
				"babel-core": "6.26.0",
				"cp-file": "4.2.0",
				"globby": "6.1.0",
				"liferay-npm-build-tools-common": "1.1.0",
				"read-json-sync": "1.1.1",
				"resolve": "1.4.0"
			}
		},
		"liferay-npm-bundler-plugin-replace-browser-modules": {
			"version": "1.1.0",
			"resolved": "https://registry.npmjs.org/liferay-npm-bundler-plugin-replace-browser-modules/-/liferay-npm-bundler-plugin-replace-browser-modules-1.1.0.tgz",
			"integrity": "sha1-lB8PjhyMSkJnx9uSNfcyZwjFosY=",
			"dev": true
		},
		"liferay-npm-bundler-preset-standard": {
			"version": "1.1.0",
			"resolved": "https://registry.npmjs.org/liferay-npm-bundler-preset-standard/-/liferay-npm-bundler-preset-standard-1.1.0.tgz",
			"integrity": "sha1-URxnN8qTPA/Z55pwNBerbC2R1eo=",
			"dev": true,
			"requires": {
				"babel-preset-liferay-standard": "1.1.0",
				"liferay-npm-bundler-plugin-replace-browser-modules": "1.1.0"
			}
		},
		"lodash": {
			"version": "4.17.4",
			"resolved": "https://registry.npmjs.org/lodash/-/lodash-4.17.4.tgz",
			"integrity": "sha1-eCA6TRwyiuHYbcpkYONptX9AVa4=",
			"dev": true
		},
		"loose-envify": {
			"version": "1.3.1",
			"resolved": "https://registry.npmjs.org/loose-envify/-/loose-envify-1.3.1.tgz",
			"integrity": "sha1-0aitM/qc4OcT1l/dCsi3SNR4yEg=",
			"dev": true,
			"requires": {
				"js-tokens": "3.0.2"
			}
		},
		"make-dir": {
			"version": "1.0.0",
			"resolved": "https://registry.npmjs.org/make-dir/-/make-dir-1.0.0.tgz",
			"integrity": "sha1-l6ARdR6R3YfPre9Ygy67BJNt6Xg=",
			"dev": true,
			"requires": {
				"pify": "2.3.0"
			}
		},
		"minimatch": {
			"version": "3.0.4",
			"resolved": "https://registry.npmjs.org/minimatch/-/minimatch-3.0.4.tgz",
			"integrity": "sha512-yJHVQEhyqPLUTgt9B83PXu6W3rx4MvvHvSUvToogpwoGDOUQ+yDrR0HRot+yOCdCO7u4hX3pWft6kWBBcqh0UA==",
			"dev": true,
			"requires": {
				"brace-expansion": "1.1.8"
			}
		},
		"minimist": {
			"version": "0.0.8",
			"resolved": "https://registry.npmjs.org/minimist/-/minimist-0.0.8.tgz",
			"integrity": "sha1-hX/Kv8M5fSYluCKCYuhqp6ARsF0=",
			"dev": true
		},
		"mkdirp": {
			"version": "0.5.1",
			"resolved": "https://registry.npmjs.org/mkdirp/-/mkdirp-0.5.1.tgz",
			"integrity": "sha1-MAV0OOrGz3+MR2fzhkjWaX11yQM=",
			"dev": true,
			"requires": {
				"minimist": "0.0.8"
			}
		},
		"ms": {
			"version": "2.0.0",
			"resolved": "https://registry.npmjs.org/ms/-/ms-2.0.0.tgz",
			"integrity": "sha1-VgiurfwAvmwpAd9fmGF4jeDVl8g=",
			"dev": true
		},
		"nested-error-stacks": {
			"version": "2.0.0",
			"resolved": "https://registry.npmjs.org/nested-error-stacks/-/nested-error-stacks-2.0.0.tgz",
			"integrity": "sha1-mLL/rvtGEPo5NvHnFDXTBwDeKEA=",
			"dev": true,
			"requires": {
				"inherits": "2.0.1"
			}
		},
		"number-is-nan": {
			"version": "1.0.1",
			"resolved": "https://registry.npmjs.org/number-is-nan/-/number-is-nan-1.0.1.tgz",
			"integrity": "sha1-CXtgK1NCKlIsGvuHkDGDNpQaAR0=",
			"dev": true
		},
		"object-assign": {
			"version": "4.1.1",
			"resolved": "https://registry.npmjs.org/object-assign/-/object-assign-4.1.1.tgz",
			"integrity": "sha1-IQmtx5ZYh8/AXLvUQsrIv7s2CGM=",
			"dev": true
		},
		"once": {
			"version": "1.4.0",
			"resolved": "https://registry.npmjs.org/once/-/once-1.4.0.tgz",
			"integrity": "sha1-WDsap3WWHUsROsF9nFC6753Xa9E=",
			"dev": true,
			"requires": {
				"wrappy": "1.0.2"
			}
		},
		"os-browserify": {
			"version": "0.3.0",
			"resolved": "https://registry.npmjs.org/os-browserify/-/os-browserify-0.3.0.tgz",
			"integrity": "sha1-hUNzx/XCMVkU/Jv8a9gjj92h7Cc="
		},
		"os-homedir": {
			"version": "1.0.2",
			"resolved": "https://registry.npmjs.org/os-homedir/-/os-homedir-1.0.2.tgz",
			"integrity": "sha1-/7xJiDNuDoM94MFox+8VISGqf7M=",
			"dev": true
		},
		"os-tmpdir": {
			"version": "1.0.2",
			"resolved": "https://registry.npmjs.org/os-tmpdir/-/os-tmpdir-1.0.2.tgz",
			"integrity": "sha1-u+Z0BseaqFxc/sdm/lc0VV36EnQ=",
			"dev": true
		},
		"path-browserify": {
			"version": "0.0.0",
			"resolved": "https://registry.npmjs.org/path-browserify/-/path-browserify-0.0.0.tgz",
			"integrity": "sha1-oLhwcpquIUAFt9UDLsLLuw+0RRo="
		},
		"path-is-absolute": {
			"version": "1.0.1",
			"resolved": "https://registry.npmjs.org/path-is-absolute/-/path-is-absolute-1.0.1.tgz",
			"integrity": "sha1-F0uSaHNVNP+8es5r9TpanhtcX18=",
			"dev": true
		},
		"path-parse": {
			"version": "1.0.5",
			"resolved": "https://registry.npmjs.org/path-parse/-/path-parse-1.0.5.tgz",
			"integrity": "sha1-PBrfhx6pzWyUMbbqK9dKD/BVxME=",
			"dev": true
		},
		"pify": {
			"version": "2.3.0",
			"resolved": "https://registry.npmjs.org/pify/-/pify-2.3.0.tgz",
			"integrity": "sha1-7RQaasBDqEnqWISY59yosVMw6Qw=",
			"dev": true
		},
		"pinkie": {
			"version": "2.0.4",
			"resolved": "https://registry.npmjs.org/pinkie/-/pinkie-2.0.4.tgz",
			"integrity": "sha1-clVrgM+g1IqXToDnckjoDtT3+HA=",
			"dev": true
		},
		"pinkie-promise": {
			"version": "2.0.1",
			"resolved": "https://registry.npmjs.org/pinkie-promise/-/pinkie-promise-2.0.1.tgz",
			"integrity": "sha1-ITXW36ejWMBprJsXh3YogihFD/o=",
			"dev": true,
			"requires": {
				"pinkie": "2.0.4"
			}
		},
		"private": {
			"version": "0.1.7",
			"resolved": "https://registry.npmjs.org/private/-/private-0.1.7.tgz",
			"integrity": "sha1-aM5eih7woju1cMwoU3tTMqumPvE=",
			"dev": true
		},
		"process": {
			"version": "0.11.10",
			"resolved": "https://registry.npmjs.org/process/-/process-0.11.10.tgz",
			"integrity": "sha1-czIwDoQBYb2j5podHZGn1LwW8YI="
		},
		"punycode": {
			"version": "2.1.0",
			"resolved": "https://registry.npmjs.org/punycode/-/punycode-2.1.0.tgz",
			"integrity": "sha1-X4Y+3Im5bbCQdLrXlHvwkFbKTn0="
		},
		"querystring": {
			"version": "0.2.0",
			"resolved": "https://registry.npmjs.org/querystring/-/querystring-0.2.0.tgz",
			"integrity": "sha1-sgmEkgO7Jd+CDadW50cAWHhSFiA="
		},
		"querystring-es3": {
			"version": "0.2.1",
			"resolved": "https://registry.npmjs.org/querystring-es3/-/querystring-es3-0.2.1.tgz",
			"integrity": "sha1-nsYfeQSYdXB9aUFFlv2Qek1xHnM="
		},
		"read-json-sync": {
			"version": "1.1.1",
			"resolved": "https://registry.npmjs.org/read-json-sync/-/read-json-sync-1.1.1.tgz",
			"integrity": "sha1-Q8ZproZKrjCN+7snIaZ+KV7I//Y=",
			"dev": true,
			"requires": {
				"graceful-fs": "4.1.11"
			}
		},
		"regenerator-runtime": {
			"version": "0.11.0",
			"resolved": "https://registry.npmjs.org/regenerator-runtime/-/regenerator-runtime-0.11.0.tgz",
			"integrity": "sha512-/aA0kLeRb5N9K0d4fw7ooEbI+xDe+DKD499EQqygGqeS8N3xto15p09uY2xj7ixP81sNPXvRLnAQIqdVStgb1A==",
			"dev": true
		},
		"repeating": {
			"version": "2.0.1",
			"resolved": "https://registry.npmjs.org/repeating/-/repeating-2.0.1.tgz",
			"integrity": "sha1-UhTFOpJtNVJwdSf7q0FdvAjQbdo=",
			"dev": true,
			"requires": {
				"is-finite": "1.0.2"
			}
		},
		"resolve": {
			"version": "1.4.0",
			"resolved": "https://registry.npmjs.org/resolve/-/resolve-1.4.0.tgz",
			"integrity": "sha512-aW7sVKPufyHqOmyyLzg/J+8606v5nevBgaliIlV7nUpVMsDnoBGV/cbSLNjZAg9q0Cfd/+easKVKQ8vOu8fn1Q==",
			"dev": true,
			"requires": {
				"path-parse": "1.0.5"
			}
		},
		"safe-buffer": {
			"version": "5.1.1",
			"resolved": "https://registry.npmjs.org/safe-buffer/-/safe-buffer-5.1.1.tgz",
			"integrity": "sha512-kKvNJn6Mm93gAczWVJg7wH+wGYWNrDHdWvpUmHyEsgCtIwwo3bqPtV4tR5tuPaUhTOo/kvhVwd8XwwOllGYkbg=="
		},
		"setimmediate": {
			"version": "1.0.5",
			"resolved": "https://registry.npmjs.org/setimmediate/-/setimmediate-1.0.5.tgz",
			"integrity": "sha1-KQy7Iy4waULX1+qbg3Mqt4VvgoU="
		},
		"slash": {
			"version": "1.0.0",
			"resolved": "https://registry.npmjs.org/slash/-/slash-1.0.0.tgz",
			"integrity": "sha1-xB8vbDn8FtHNF61LXYlhFK5HDVU=",
			"dev": true
		},
		"source-map": {
			"version": "0.5.7",
			"resolved": "https://registry.npmjs.org/source-map/-/source-map-0.5.7.tgz",
			"integrity": "sha1-igOdLRAh0i0eoUyA2OpGi6LvP8w=",
			"dev": true
		},
		"source-map-support": {
			"version": "0.4.16",
			"resolved": "https://registry.npmjs.org/source-map-support/-/source-map-support-0.4.16.tgz",
			"integrity": "sha512-A6vlydY7H/ljr4L2UOhDSajQdZQ6dMD7cLH0pzwcmwLyc9u8PNI4WGtnfDDzX7uzGL6c/T+ORL97Zlh+S4iOrg==",
			"dev": true,
			"requires": {
				"source-map": "0.5.7"
			}
		},
		"string_decoder": {
			"version": "1.0.3",
			"resolved": "https://registry.npmjs.org/string_decoder/-/string_decoder-1.0.3.tgz",
			"integrity": "sha512-4AH6Z5fzNNBcH+6XDMfA/BTt87skxqJlO0lAh3Dker5zThcAxG6mKz+iGu308UKoPPQ8Dcqx/4JhujzltRa+hQ==",
			"requires": {
				"safe-buffer": "5.1.1"
			}
		},
		"strip-ansi": {
			"version": "3.0.1",
			"resolved": "https://registry.npmjs.org/strip-ansi/-/strip-ansi-3.0.1.tgz",
			"integrity": "sha1-ajhfuIU9lS1f8F0Oiq+UJ43GPc8=",
			"dev": true,
			"requires": {
				"ansi-regex": "2.1.1"
			}
		},
		"supports-color": {
			"version": "2.0.0",
			"resolved": "https://registry.npmjs.org/supports-color/-/supports-color-2.0.0.tgz",
			"integrity": "sha1-U10EXOa2Nj+kARcIRimZXp3zJMc=",
			"dev": true
		},
		"timers-browserify": {
			"version": "2.0.4",
			"resolved": "https://registry.npmjs.org/timers-browserify/-/timers-browserify-2.0.4.tgz",
			"integrity": "sha512-uZYhyU3EX8O7HQP+J9fTVYwsq90Vr68xPEFo7yrVImIxYvHgukBEgOB/SgGoorWVTzGM/3Z+wUNnboA4M8jWrg==",
			"requires": {
				"setimmediate": "1.0.5"
			}
		},
		"to-fast-properties": {
			"version": "1.0.3",
			"resolved": "https://registry.npmjs.org/to-fast-properties/-/to-fast-properties-1.0.3.tgz",
			"integrity": "sha1-uDVx+k2MJbguIxsG46MFXeTKGkc=",
			"dev": true
		},
		"trim-right": {
			"version": "1.0.1",
			"resolved": "https://registry.npmjs.org/trim-right/-/trim-right-1.0.1.tgz",
			"integrity": "sha1-yy4SAwZ+DI3h9hQJS5/kVwTqYAM=",
			"dev": true
		},
		"tty-browserify": {
			"version": "0.0.0",
			"resolved": "https://registry.npmjs.org/tty-browserify/-/tty-browserify-0.0.0.tgz",
			"integrity": "sha1-oVe6QC2iTpv5V/mqadUk7tQpAaY="
		},
		"url": {
			"version": "0.11.0",
			"resolved": "https://registry.npmjs.org/url/-/url-0.11.0.tgz",
			"integrity": "sha1-ODjpfPxgUh63PFJajlW/3Z4uKPE=",
			"requires": {
				"punycode": "1.3.2",
				"querystring": "0.2.0"
			},
			"dependencies": {
				"punycode": {
					"version": "1.3.2",
					"resolved": "https://registry.npmjs.org/punycode/-/punycode-1.3.2.tgz",
					"integrity": "sha1-llOgNvt8HuQjQvIyXM7v6jkmxI0="
				}
			}
		},
		"util": {
			"version": "0.10.3",
			"resolved": "https://registry.npmjs.org/util/-/util-0.10.3.tgz",
			"integrity": "sha1-evsa/lCAUkZInj23/g7TeTNqwPk=",
			"requires": {
				"inherits": "2.0.1"
			}
		},
		"vm-browserify": {
			"version": "0.0.4",
			"resolved": "https://registry.npmjs.org/vm-browserify/-/vm-browserify-0.0.4.tgz",
			"integrity": "sha1-XX6kW7755Kb/ZflUOOCofDV9WnM=",
			"requires": {
				"indexof": "0.0.1"
			}
		},
		"wrappy": {
			"version": "1.0.2",
			"resolved": "https://registry.npmjs.org/wrappy/-/wrappy-1.0.2.tgz",
			"integrity": "sha1-tSQ9jz7BqjXxNkYFvA0QNuMKtp8=",
			"dev": true
		}
	}
}
