{
	"name": "liferay-frontend-theme-unstyled",
	"version": "3.0.0",
	"lockfileVersion": 1,
	"requires": true,
	"dependencies": {
		"clay": {
			"version": "2.0.0-beta.8",
			"resolved": "https://registry.npmjs.org/clay/-/clay-2.0.0-beta.8.tgz",
			"integrity": "sha512-UgsbgbVZg0nCqh6cAI0S17TBqLltsOy9un0EnnEOqHKsQGT63+Ppnda70UdGik56mKxOSNhWVT4Bpum8itJFFQ=="
		}
	}
}
