{
	"name": "liferay-frontend-theme-unstyled",
	"version": "3.0.0",
	"lockfileVersion": 1,
	"requires": true,
	"dependencies": {
		"clay": {
			"version": "2.0.0-rc.1",
			"resolved": "https://registry.npmjs.org/clay/-/clay-2.0.0-rc.1.tgz",
			"integrity": "sha512-a64z5Zc4XHgv1XsZ7IlM30B3NjQXMOC2WIXprP1vbDD/rT1l3+gT5cI8Zr0IpPBHbtQS2Nk94cYdXNuqihj+XQ=="
		}
	}
}
