{
	"name": "liferay-frontend-theme-unstyled",
	"version": "3.0.0",
	"lockfileVersion": 1,
	"requires": true,
	"dependencies": {
		"clay": {
			"version": "2.0.0-rc.10",
			"resolved": "https://registry.npmjs.org/clay/-/clay-2.0.0-rc.10.tgz",
			"integrity": "sha512-mMD4itM4wN79EUPKn6cYKFNWAJHJid1fYUPPdVpgiKerX6S5g/uj4+uN53EaDqG3rmvLxghDP8dDjJnBszzGGQ=="
		}
	}
}
