{
	"name": "liferay-frontend-theme-unstyled",
	"version": "3.0.4",
	"lockfileVersion": 1,
	"requires": true,
	"dependencies": {
		"clay-css": {
			"version": "2.1.12",
			"resolved": "https://registry.npmjs.org/clay-css/-/clay-css-2.1.12.tgz",
			"integrity": "sha1-NDv4M0VJhFy/vOugKlwH9SO2Pk8="
		}
	}
}
