{
	"name": "liferay-frontend-theme-unstyled",
	"version": "3.0.18",
	"lockfileVersion": 1,
	"requires": true,
	"dependencies": {
		"clay-css": {
			"version": "2.5.1",
			"resolved": "https://registry.npmjs.org/clay-css/-/clay-css-2.5.1.tgz",
			"integrity": "sha512-J9EEbLe7X9BA1mS4DZXqKM/J6ukt5Gw++67KTMuwooSUc2TH3tLkadueBibNhxTGSkAHWQwPk4VU3BtONC89fQ=="
		}
	}
}
