{
	"name": "liferay-frontend-theme-unstyled",
	"version": "3.0.14",
	"lockfileVersion": 1,
	"requires": true,
	"dependencies": {
		"clay-css": {
			"version": "2.3.4",
			"resolved": "https://registry.npmjs.org/clay-css/-/clay-css-2.3.4.tgz",
			"integrity": "sha512-v9XjclIBnYsEo6LqhBxzCsNueTe6O9DXyZdT2K9KRqGnvG07Crrh92ERuqqfOo4itgR/dCkAez0hVgRyEAIQTw=="
		}
	}
}
