{
	"name": "frontend-editor-alloyeditor-web",
	"version": "1.0.36",
	"lockfileVersion": 1,
	"requires": true,
	"dependencies": {
		"alloyeditor": {
			"version": "1.5.1",
			"resolved": "https://registry.npmjs.org/alloyeditor/-/alloyeditor-1.5.1.tgz",
			"integrity": "sha512-z+zP3YhRPv4cyn1JZN23efiGZ9rODxW11zAYL//hxyPl6x/a0zb5AuN9JMnDUgGjYmp/8bK1Ch+xgVND7j8liA=="
		}
	}
}
