{
	"name": "frontend-editor-alloyeditor-web",
	"version": "1.0.59",
	"lockfileVersion": 1,
	"requires": true,
	"dependencies": {
		"alloyeditor": {
			"version": "1.5.17",
			"resolved": "https://registry.npmjs.org/alloyeditor/-/alloyeditor-1.5.17.tgz",
			"integrity": "sha512-pb+pt34XOq5TMGeKfoP7UiopQXLQJwCKRuBHBxgIUSC0DniP4TAPdwIpnWMXbQ42NRQ67Vwm9lptBpBao/UtQw=="
		}
	}
}
