{
	"name": "frontend-editor-alloyeditor-web",
	"version": "1.0.58",
	"lockfileVersion": 1,
	"requires": true,
	"dependencies": {
		"alloyeditor": {
			"version": "1.5.16",
			"resolved": "https://registry.npmjs.org/alloyeditor/-/alloyeditor-1.5.16.tgz",
			"integrity": "sha512-5sicf5I767T5ByrhJs4aOG0kKoSWpjdnPvxzbXBx7Ibf1iXOO1t8gq5BR8oEYL6C07IfhBHdpjSovKTKoNUNHA==",
			"requires": {
				"user": "0.0.0"
			}
		}
	}
}
