{
	"name": "frontend-editor-alloyeditor-web",
	"version": "1.0.57",
	"lockfileVersion": 1,
	"requires": true,
	"dependencies": {
		"alloyeditor": {
			"version": "1.5.15",
			"resolved": "https://registry.npmjs.org/alloyeditor/-/alloyeditor-1.5.15.tgz",
			"integrity": "sha512-m1iHwf0Ufj8g1hwOWuHBuCAG4YjWcYsHysCnPlhU/IcVKs7vMwXjZsPyWfx2X8aeXXImmSo4njpMEmJzMbZ/FQ=="
		}
	}
}
